
Microsoft Visual Studio Solution File, Format Version 12.00
# Visual Studio Version 17
VisualStudioVersion = 17.0.31903.59
MinimumVisualStudioVersion = 10.0.40219.1
Project("{FAE04EC0-301F-11D3-BF4B-00C04F79EFBC}") = "JD.Efcpt.Build", "src\JD.Efcpt.Build\JD.Efcpt.Build.csproj", "{B6A4F1D0-2B64-4D7B-8D30-2B1C4A3C2E7D}"
EndProject
Project("{FAE04EC0-301F-11D3-BF4B-00C04F79EFBC}") = "JD.Efcpt.Build.Tasks", "src\JD.Efcpt.Build.Tasks\JD.Efcpt.Build.Tasks.csproj", "{F4AFEA2B-2B32-4C62-8D6B-9B7DB7E2A1AE}"
EndProject
Project("{FAE04EC0-301F-11D3-BF4B-00C04F79EFBC}") = "JD.Efcpt.Build.Tests", "tests\JD.Efcpt.Build.Tests\JD.Efcpt.Build.Tests.csproj", "{0E3C0266-4B23-4F2C-8BA9-AE26EF9C98FE}"
EndProject
Project("{FAE04EC0-301F-11D3-BF4B-00C04F79EFBC}") = "JD.Efcpt.Sdk", "src\JD.Efcpt.Sdk\JD.Efcpt.Sdk.csproj", "{A8E5F3D1-4C82-4E9F-9B3A-7D6E8F2B1C9D}"
EndProject
Project("{FAE04EC0-301F-11D3-BF4B-00C04F79EFBC}") = "JD.Efcpt.Sdk.IntegrationTests", "tests\JD.Efcpt.Sdk.IntegrationTests\JD.Efcpt.Sdk.IntegrationTests.csproj", "{C7D8E9F0-1A2B-3C4D-5E6F-708192A3B4C5}"
EndProject
Project("{2150E333-8FDC-42A3-9474-1A3956D46DE8}") = "Solution Items", "Solution Items", "{27D3D38E-658D-4F9D-83DF-6B2124B16573}"
	ProjectSection(SolutionItems) = preProject
		CONTRIBUTING.md = CONTRIBUTING.md
		Directory.Build.props = Directory.Build.props
		LICENSE = LICENSE
		README.md = README.md
	EndProjectSection
EndProject
Project("{2150E333-8FDC-42A3-9474-1A3956D46DE8}") = "src", "src", "{827E0CD3-B72D-47B6-A68D-7590B98EB39B}"
EndProject
Project("{FAE04EC0-301F-11D3-BF4B-00C04F79EFBC}") = "JD.Efcpt.Build.Templates", "src\JD.Efcpt.Build.Templates\JD.Efcpt.Build.Templates.csproj", "{7F8EBC22-0059-4547-9D26-2B498DB17BBD}"
EndProject
Project("{FAE04EC0-301F-11D3-BF4B-00C04F79EFBC}") = "JD.Efcpt.Build.Providers.Abstractions", "src\JD.Efcpt.Build.Providers.Abstractions\JD.Efcpt.Build.Providers.Abstractions.csproj", "{46613845-3C9B-4E68-B7FC-85AAFFF62D96}"
EndProject
Project("{FAE04EC0-301F-11D3-BF4B-00C04F79EFBC}") = "JD.Efcpt.Build.Core", "src\JD.Efcpt.Build.Core\JD.Efcpt.Build.Core.csproj", "{6F32F118-D99D-4480-B0D6-4AC4D1113D46}"
EndProject
Project("{FAE04EC0-301F-11D3-BF4B-00C04F79EFBC}") = "JD.Efcpt.Cli", "src\JD.Efcpt.Cli\JD.Efcpt.Cli.csproj", "{E9D61410-8A29-4D28-B0CF-F1512540FA1F}"
EndProject
Project("{FAE04EC0-301F-11D3-BF4B-00C04F79EFBC}") = "JD.Efcpt.Build.Core.Tests", "tests\JD.Efcpt.Build.Core.Tests\JD.Efcpt.Build.Core.Tests.csproj", "{3FE69CF8-5F1B-42ED-A8C3-87C5CE806B54}"
EndProject
Project("{FAE04EC0-301F-11D3-BF4B-00C04F79EFBC}") = "JD.Efcpt.Cli.Tests", "tests\JD.Efcpt.Cli.Tests\JD.Efcpt.Cli.Tests.csproj", "{9CCE62FD-9E6E-4C38-9980-08E62D11C316}"
EndProject
Project("{2150E333-8FDC-42A3-9474-1A3956D46DE8}") = "Fixtures", "Fixtures", "{9A1B2C3D-4E5F-4061-8A7B-9C0D1E2F3A4B}"
EndProject
Project("{FAE04EC0-301F-11D3-BF4B-00C04F79EFBC}") = "JD.Efcpt.Build.TestProvider", "tests\Fixtures\JD.Efcpt.Build.TestProvider\JD.Efcpt.Build.TestProvider.csproj", "{D1E2F3A4-5B6C-47D8-9E0F-1A2B3C4D5E6F}"
EndProject
Project("{FAE04EC0-301F-11D3-BF4B-00C04F79EFBC}") = "JD.Efcpt.Build.Snowflake", "src\JD.Efcpt.Build.Snowflake\JD.Efcpt.Build.Snowflake.csproj", "{B2C0C5DE-B207-4D42-9950-EA1A2B02A452}"
EndProject
Project("{FAE04EC0-301F-11D3-BF4B-00C04F79EFBC}") = "JD.Efcpt.Build.Oracle", "src\JD.Efcpt.Build.Oracle\JD.Efcpt.Build.Oracle.csproj", "{74359DCA-FB38-4CF3-AB20-2DDDD714E74B}"
EndProject
Project("{FAE04EC0-301F-11D3-BF4B-00C04F79EFBC}") = "JD.Efcpt.Build.PostgreSQL", "src\JD.Efcpt.Build.PostgreSQL\JD.Efcpt.Build.PostgreSQL.csproj", "{336169AA-2452-4124-954C-94376E6F6264}"
EndProject
Project("{FAE04EC0-301F-11D3-BF4B-00C04F79EFBC}") = "JD.Efcpt.Build.MySqlConnector", "src\JD.Efcpt.Build.MySqlConnector\JD.Efcpt.Build.MySqlConnector.csproj", "{5A1F2E3D-9C7B-4A6E-8D2F-1B3C4D5E6F7A}"
EndProject
Project("{FAE04EC0-301F-11D3-BF4B-00C04F79EFBC}") = "JD.Efcpt.Build.Firebird", "src\JD.Efcpt.Build.Firebird\JD.Efcpt.Build.Firebird.csproj", "{6B2A3F4E-0D8C-4B7F-9E30-2C4D5E6F7A8B}"
EndProject
Project("{FAE04EC0-301F-11D3-BF4B-00C04F79EFBC}") = "JD.Efcpt.Build.Sqlite", "src\JD.Efcpt.Build.Sqlite\JD.Efcpt.Build.Sqlite.csproj", "{7C3B4A5F-1E9D-4C80-AF41-3D5E6F7A8B9C}"
EndProject
Project("{FAE04EC0-301F-11D3-BF4B-00C04F79EFBC}") = "JD.Efcpt.Build.ConnectionStrings.AzureKeyVault", "src\JD.Efcpt.Build.ConnectionStrings.AzureKeyVault\JD.Efcpt.Build.ConnectionStrings.AzureKeyVault.csproj", "{98B8DFBD-3633-4B8C-B885-6499A4B9C462}"
EndProject
Project("{FAE04EC0-301F-11D3-BF4B-00C04F79EFBC}") = "JD.Efcpt.Build.ConnectionStrings.AwsSecretsManager", "src\JD.Efcpt.Build.ConnectionStrings.AwsSecretsManager\JD.Efcpt.Build.ConnectionStrings.AwsSecretsManager.csproj", "{F540E2C3-4A1B-43D6-A954-D34A24F37CEC}"
EndProject
Project("{FAE04EC0-301F-11D3-BF4B-00C04F79EFBC}") = "JD.Efcpt.Build.ConnectionStrings.AzureKeyVault.Tests", "tests\JD.Efcpt.Build.ConnectionStrings.AzureKeyVault.Tests\JD.Efcpt.Build.ConnectionStrings.AzureKeyVault.Tests.csproj", "{0C7CA342-0E09-48D0-9F96-F69D0FAFCBDD}"
EndProject
Project("{FAE04EC0-301F-11D3-BF4B-00C04F79EFBC}") = "JD.Efcpt.Build.ConnectionStrings.AwsSecretsManager.Tests", "tests\JD.Efcpt.Build.ConnectionStrings.AwsSecretsManager.Tests\JD.Efcpt.Build.ConnectionStrings.AwsSecretsManager.Tests.csproj", "{E4107A73-3C5E-4E0E-8978-B4FD44E86E2E}"
EndProject
Project("{2150E333-8FDC-42A3-9474-1A3956D46DE8}") = "samples", "samples", "{5D20AA90-6969-D8BD-9DCD-8634F4692FDA}"
EndProject
Project("{FAE04EC0-301F-11D3-BF4B-00C04F79EFBC}") = "Acme.Efcpt.Mongo", "samples\custom-provider\Acme.Efcpt.Mongo\Acme.Efcpt.Mongo.csproj", "{FAB60194-1769-4416-AD00-10303F2CD5AD}"
EndProject
Project("{2150E333-8FDC-42A3-9474-1A3956D46DE8}") = "ide", "ide", "{4FE02BE1-B458-D8E2-5C6F-E1C07BBA7565}"
EndProject
Project("{FAE04EC0-301F-11D3-BF4B-00C04F79EFBC}") = "JD.Efcpt.Ide.Core", "ide\vs\JD.Efcpt.Ide.Core\JD.Efcpt.Ide.Core.csproj", "{B208069D-9F69-4A8F-93D3-7B28C6129A16}"
EndProject
Project("{FAE04EC0-301F-11D3-BF4B-00C04F79EFBC}") = "JD.Efcpt.Ide.Core.Tests", "ide\vs\JD.Efcpt.Ide.Core.Tests\JD.Efcpt.Ide.Core.Tests.csproj", "{D88AD731-1C6F-46C8-A804-B43DEE640474}"
EndProject
Global
	GlobalSection(SolutionConfigurationPlatforms) = preSolution
		Debug|Any CPU = Debug|Any CPU
		Debug|x64 = Debug|x64
		Debug|x86 = Debug|x86
		Release|Any CPU = Release|Any CPU
		Release|x64 = Release|x64
		Release|x86 = Release|x86
	EndGlobalSection
	GlobalSection(ProjectConfigurationPlatforms) = postSolution
		{B6A4F1D0-2B64-4D7B-8D30-2B1C4A3C2E7D}.Debug|Any CPU.ActiveCfg = Debug|Any CPU
		{B6A4F1D0-2B64-4D7B-8D30-2B1C4A3C2E7D}.Debug|Any CPU.Build.0 = Debug|Any CPU
		{B6A4F1D0-2B64-4D7B-8D30-2B1C4A3C2E7D}.Debug|x64.ActiveCfg = Debug|Any CPU
		{B6A4F1D0-2B64-4D7B-8D30-2B1C4A3C2E7D}.Debug|x64.Build.0 = Debug|Any CPU
		{B6A4F1D0-2B64-4D7B-8D30-2B1C4A3C2E7D}.Debug|x86.ActiveCfg = Debug|Any CPU
		{B6A4F1D0-2B64-4D7B-8D30-2B1C4A3C2E7D}.Debug|x86.Build.0 = Debug|Any CPU
		{B6A4F1D0-2B64-4D7B-8D30-2B1C4A3C2E7D}.Release|Any CPU.ActiveCfg = Release|Any CPU
		{B6A4F1D0-2B64-4D7B-8D30-2B1C4A3C2E7D}.Release|Any CPU.Build.0 = Release|Any CPU
		{B6A4F1D0-2B64-4D7B-8D30-2B1C4A3C2E7D}.Release|x64.ActiveCfg = Release|Any CPU
		{B6A4F1D0-2B64-4D7B-8D30-2B1C4A3C2E7D}.Release|x64.Build.0 = Release|Any CPU
		{B6A4F1D0-2B64-4D7B-8D30-2B1C4A3C2E7D}.Release|x86.ActiveCfg = Release|Any CPU
		{B6A4F1D0-2B64-4D7B-8D30-2B1C4A3C2E7D}.Release|x86.Build.0 = Release|Any CPU
		{F4AFEA2B-2B32-4C62-8D6B-9B7DB7E2A1AE}.Debug|Any CPU.ActiveCfg = Debug|Any CPU
		{F4AFEA2B-2B32-4C62-8D6B-9B7DB7E2A1AE}.Debug|Any CPU.Build.0 = Debug|Any CPU
		{F4AFEA2B-2B32-4C62-8D6B-9B7DB7E2A1AE}.Debug|x64.ActiveCfg = Debug|Any CPU
		{F4AFEA2B-2B32-4C62-8D6B-9B7DB7E2A1AE}.Debug|x64.Build.0 = Debug|Any CPU
		{F4AFEA2B-2B32-4C62-8D6B-9B7DB7E2A1AE}.Debug|x86.ActiveCfg = Debug|Any CPU
		{F4AFEA2B-2B32-4C62-8D6B-9B7DB7E2A1AE}.Debug|x86.Build.0 = Debug|Any CPU
		{F4AFEA2B-2B32-4C62-8D6B-9B7DB7E2A1AE}.Release|Any CPU.ActiveCfg = Release|Any CPU
		{F4AFEA2B-2B32-4C62-8D6B-9B7DB7E2A1AE}.Release|Any CPU.Build.0 = Release|Any CPU
		{F4AFEA2B-2B32-4C62-8D6B-9B7DB7E2A1AE}.Release|x64.ActiveCfg = Release|Any CPU
		{F4AFEA2B-2B32-4C62-8D6B-9B7DB7E2A1AE}.Release|x64.Build.0 = Release|Any CPU
		{F4AFEA2B-2B32-4C62-8D6B-9B7DB7E2A1AE}.Release|x86.ActiveCfg = Release|Any CPU
		{F4AFEA2B-2B32-4C62-8D6B-9B7DB7E2A1AE}.Release|x86.Build.0 = Release|Any CPU
		{0E3C0266-4B23-4F2C-8BA9-AE26EF9C98FE}.Debug|Any CPU.ActiveCfg = Debug|Any CPU
		{0E3C0266-4B23-4F2C-8BA9-AE26EF9C98FE}.Debug|Any CPU.Build.0 = Debug|Any CPU
		{0E3C0266-4B23-4F2C-8BA9-AE26EF9C98FE}.Debug|x64.ActiveCfg = Debug|Any CPU
		{0E3C0266-4B23-4F2C-8BA9-AE26EF9C98FE}.Debug|x64.Build.0 = Debug|Any CPU
		{0E3C0266-4B23-4F2C-8BA9-AE26EF9C98FE}.Debug|x86.ActiveCfg = Debug|Any CPU
		{0E3C0266-4B23-4F2C-8BA9-AE26EF9C98FE}.Debug|x86.Build.0 = Debug|Any CPU
		{0E3C0266-4B23-4F2C-8BA9-AE26EF9C98FE}.Release|Any CPU.ActiveCfg = Release|Any CPU
		{0E3C0266-4B23-4F2C-8BA9-AE26EF9C98FE}.Release|Any CPU.Build.0 = Release|Any CPU
		{0E3C0266-4B23-4F2C-8BA9-AE26EF9C98FE}.Release|x64.ActiveCfg = Release|Any CPU
		{0E3C0266-4B23-4F2C-8BA9-AE26EF9C98FE}.Release|x64.Build.0 = Release|Any CPU
		{0E3C0266-4B23-4F2C-8BA9-AE26EF9C98FE}.Release|x86.ActiveCfg = Release|Any CPU
		{0E3C0266-4B23-4F2C-8BA9-AE26EF9C98FE}.Release|x86.Build.0 = Release|Any CPU
		{A8E5F3D1-4C82-4E9F-9B3A-7D6E8F2B1C9D}.Debug|Any CPU.ActiveCfg = Debug|Any CPU
		{A8E5F3D1-4C82-4E9F-9B3A-7D6E8F2B1C9D}.Debug|Any CPU.Build.0 = Debug|Any CPU
		{A8E5F3D1-4C82-4E9F-9B3A-7D6E8F2B1C9D}.Debug|x64.ActiveCfg = Debug|Any CPU
		{A8E5F3D1-4C82-4E9F-9B3A-7D6E8F2B1C9D}.Debug|x64.Build.0 = Debug|Any CPU
		{A8E5F3D1-4C82-4E9F-9B3A-7D6E8F2B1C9D}.Debug|x86.ActiveCfg = Debug|Any CPU
		{A8E5F3D1-4C82-4E9F-9B3A-7D6E8F2B1C9D}.Debug|x86.Build.0 = Debug|Any CPU
		{A8E5F3D1-4C82-4E9F-9B3A-7D6E8F2B1C9D}.Release|Any CPU.ActiveCfg = Release|Any CPU
		{A8E5F3D1-4C82-4E9F-9B3A-7D6E8F2B1C9D}.Release|Any CPU.Build.0 = Release|Any CPU
		{A8E5F3D1-4C82-4E9F-9B3A-7D6E8F2B1C9D}.Release|x64.ActiveCfg = Release|Any CPU
		{A8E5F3D1-4C82-4E9F-9B3A-7D6E8F2B1C9D}.Release|x64.Build.0 = Release|Any CPU
		{A8E5F3D1-4C82-4E9F-9B3A-7D6E8F2B1C9D}.Release|x86.ActiveCfg = Release|Any CPU
		{A8E5F3D1-4C82-4E9F-9B3A-7D6E8F2B1C9D}.Release|x86.Build.0 = Release|Any CPU
		{C7D8E9F0-1A2B-3C4D-5E6F-708192A3B4C5}.Debug|Any CPU.ActiveCfg = Debug|Any CPU
		{C7D8E9F0-1A2B-3C4D-5E6F-708192A3B4C5}.Debug|Any CPU.Build.0 = Debug|Any CPU
		{C7D8E9F0-1A2B-3C4D-5E6F-708192A3B4C5}.Debug|x64.ActiveCfg = Debug|Any CPU
		{C7D8E9F0-1A2B-3C4D-5E6F-708192A3B4C5}.Debug|x64.Build.0 = Debug|Any CPU
		{C7D8E9F0-1A2B-3C4D-5E6F-708192A3B4C5}.Debug|x86.ActiveCfg = Debug|Any CPU
		{C7D8E9F0-1A2B-3C4D-5E6F-708192A3B4C5}.Debug|x86.Build.0 = Debug|Any CPU
		{C7D8E9F0-1A2B-3C4D-5E6F-708192A3B4C5}.Release|Any CPU.ActiveCfg = Release|Any CPU
		{C7D8E9F0-1A2B-3C4D-5E6F-708192A3B4C5}.Release|Any CPU.Build.0 = Release|Any CPU
		{C7D8E9F0-1A2B-3C4D-5E6F-708192A3B4C5}.Release|x64.ActiveCfg = Release|Any CPU
		{C7D8E9F0-1A2B-3C4D-5E6F-708192A3B4C5}.Release|x64.Build.0 = Release|Any CPU
		{C7D8E9F0-1A2B-3C4D-5E6F-708192A3B4C5}.Release|x86.ActiveCfg = Release|Any CPU
		{C7D8E9F0-1A2B-3C4D-5E6F-708192A3B4C5}.Release|x86.Build.0 = Release|Any CPU
		{7F8EBC22-0059-4547-9D26-2B498DB17BBD}.Debug|Any CPU.ActiveCfg = Debug|Any CPU
		{7F8EBC22-0059-4547-9D26-2B498DB17BBD}.Debug|Any CPU.Build.0 = Debug|Any CPU
		{7F8EBC22-0059-4547-9D26-2B498DB17BBD}.Debug|x64.ActiveCfg = Debug|Any CPU
		{7F8EBC22-0059-4547-9D26-2B498DB17BBD}.Debug|x64.Build.0 = Debug|Any CPU
		{7F8EBC22-0059-4547-9D26-2B498DB17BBD}.Debug|x86.ActiveCfg = Debug|Any CPU
		{7F8EBC22-0059-4547-9D26-2B498DB17BBD}.Debug|x86.Build.0 = Debug|Any CPU
		{7F8EBC22-0059-4547-9D26-2B498DB17BBD}.Release|Any CPU.ActiveCfg = Release|Any CPU
		{7F8EBC22-0059-4547-9D26-2B498DB17BBD}.Release|Any CPU.Build.0 = Release|Any CPU
		{7F8EBC22-0059-4547-9D26-2B498DB17BBD}.Release|x64.ActiveCfg = Release|Any CPU
		{7F8EBC22-0059-4547-9D26-2B498DB17BBD}.Release|x64.Build.0 = Release|Any CPU
		{7F8EBC22-0059-4547-9D26-2B498DB17BBD}.Release|x86.ActiveCfg = Release|Any CPU
		{7F8EBC22-0059-4547-9D26-2B498DB17BBD}.Release|x86.Build.0 = Release|Any CPU
		{46613845-3C9B-4E68-B7FC-85AAFFF62D96}.Debug|Any CPU.ActiveCfg = Debug|Any CPU
		{46613845-3C9B-4E68-B7FC-85AAFFF62D96}.Debug|Any CPU.Build.0 = Debug|Any CPU
		{46613845-3C9B-4E68-B7FC-85AAFFF62D96}.Debug|x64.ActiveCfg = Debug|Any CPU
		{46613845-3C9B-4E68-B7FC-85AAFFF62D96}.Debug|x64.Build.0 = Debug|Any CPU
		{46613845-3C9B-4E68-B7FC-85AAFFF62D96}.Debug|x86.ActiveCfg = Debug|Any CPU
		{46613845-3C9B-4E68-B7FC-85AAFFF62D96}.Debug|x86.Build.0 = Debug|Any CPU
		{46613845-3C9B-4E68-B7FC-85AAFFF62D96}.Release|Any CPU.ActiveCfg = Release|Any CPU
		{46613845-3C9B-4E68-B7FC-85AAFFF62D96}.Release|Any CPU.Build.0 = Release|Any CPU
		{46613845-3C9B-4E68-B7FC-85AAFFF62D96}.Release|x64.ActiveCfg = Release|Any CPU
		{46613845-3C9B-4E68-B7FC-85AAFFF62D96}.Release|x64.Build.0 = Release|Any CPU
		{46613845-3C9B-4E68-B7FC-85AAFFF62D96}.Release|x86.ActiveCfg = Release|Any CPU
		{46613845-3C9B-4E68-B7FC-85AAFFF62D96}.Release|x86.Build.0 = Release|Any CPU
		{6F32F118-D99D-4480-B0D6-4AC4D1113D46}.Debug|Any CPU.ActiveCfg = Debug|Any CPU
		{6F32F118-D99D-4480-B0D6-4AC4D1113D46}.Debug|Any CPU.Build.0 = Debug|Any CPU
		{6F32F118-D99D-4480-B0D6-4AC4D1113D46}.Debug|x64.ActiveCfg = Debug|Any CPU
		{6F32F118-D99D-4480-B0D6-4AC4D1113D46}.Debug|x64.Build.0 = Debug|Any CPU
		{6F32F118-D99D-4480-B0D6-4AC4D1113D46}.Debug|x86.ActiveCfg = Debug|Any CPU
		{6F32F118-D99D-4480-B0D6-4AC4D1113D46}.Debug|x86.Build.0 = Debug|Any CPU
		{6F32F118-D99D-4480-B0D6-4AC4D1113D46}.Release|Any CPU.ActiveCfg = Release|Any CPU
		{6F32F118-D99D-4480-B0D6-4AC4D1113D46}.Release|Any CPU.Build.0 = Release|Any CPU
		{6F32F118-D99D-4480-B0D6-4AC4D1113D46}.Release|x64.ActiveCfg = Release|Any CPU
		{6F32F118-D99D-4480-B0D6-4AC4D1113D46}.Release|x64.Build.0 = Release|Any CPU
		{6F32F118-D99D-4480-B0D6-4AC4D1113D46}.Release|x86.ActiveCfg = Release|Any CPU
		{6F32F118-D99D-4480-B0D6-4AC4D1113D46}.Release|x86.Build.0 = Release|Any CPU
		{E9D61410-8A29-4D28-B0CF-F1512540FA1F}.Debug|Any CPU.ActiveCfg = Debug|Any CPU
		{E9D61410-8A29-4D28-B0CF-F1512540FA1F}.Debug|Any CPU.Build.0 = Debug|Any CPU
		{E9D61410-8A29-4D28-B0CF-F1512540FA1F}.Debug|x64.ActiveCfg = Debug|Any CPU
		{E9D61410-8A29-4D28-B0CF-F1512540FA1F}.Debug|x64.Build.0 = Debug|Any CPU
		{E9D61410-8A29-4D28-B0CF-F1512540FA1F}.Debug|x86.ActiveCfg = Debug|Any CPU
		{E9D61410-8A29-4D28-B0CF-F1512540FA1F}.Debug|x86.Build.0 = Debug|Any CPU
		{E9D61410-8A29-4D28-B0CF-F1512540FA1F}.Release|Any CPU.ActiveCfg = Release|Any CPU
		{E9D61410-8A29-4D28-B0CF-F1512540FA1F}.Release|Any CPU.Build.0 = Release|Any CPU
		{E9D61410-8A29-4D28-B0CF-F1512540FA1F}.Release|x64.ActiveCfg = Release|Any CPU
		{E9D61410-8A29-4D28-B0CF-F1512540FA1F}.Release|x64.Build.0 = Release|Any CPU
		{E9D61410-8A29-4D28-B0CF-F1512540FA1F}.Release|x86.ActiveCfg = Release|Any CPU
		{E9D61410-8A29-4D28-B0CF-F1512540FA1F}.Release|x86.Build.0 = Release|Any CPU
		{3FE69CF8-5F1B-42ED-A8C3-87C5CE806B54}.Debug|Any CPU.ActiveCfg = Debug|Any CPU
		{3FE69CF8-5F1B-42ED-A8C3-87C5CE806B54}.Debug|Any CPU.Build.0 = Debug|Any CPU
		{3FE69CF8-5F1B-42ED-A8C3-87C5CE806B54}.Debug|x64.ActiveCfg = Debug|Any CPU
		{3FE69CF8-5F1B-42ED-A8C3-87C5CE806B54}.Debug|x64.Build.0 = Debug|Any CPU
		{3FE69CF8-5F1B-42ED-A8C3-87C5CE806B54}.Debug|x86.ActiveCfg = Debug|Any CPU
		{3FE69CF8-5F1B-42ED-A8C3-87C5CE806B54}.Debug|x86.Build.0 = Debug|Any CPU
		{3FE69CF8-5F1B-42ED-A8C3-87C5CE806B54}.Release|Any CPU.ActiveCfg = Release|Any CPU
		{3FE69CF8-5F1B-42ED-A8C3-87C5CE806B54}.Release|Any CPU.Build.0 = Release|Any CPU
		{3FE69CF8-5F1B-42ED-A8C3-87C5CE806B54}.Release|x64.ActiveCfg = Release|Any CPU
		{3FE69CF8-5F1B-42ED-A8C3-87C5CE806B54}.Release|x64.Build.0 = Release|Any CPU
		{3FE69CF8-5F1B-42ED-A8C3-87C5CE806B54}.Release|x86.ActiveCfg = Release|Any CPU
		{3FE69CF8-5F1B-42ED-A8C3-87C5CE806B54}.Release|x86.Build.0 = Release|Any CPU
		{9CCE62FD-9E6E-4C38-9980-08E62D11C316}.Debug|Any CPU.ActiveCfg = Debug|Any CPU
		{9CCE62FD-9E6E-4C38-9980-08E62D11C316}.Debug|Any CPU.Build.0 = Debug|Any CPU
		{9CCE62FD-9E6E-4C38-9980-08E62D11C316}.Debug|x64.ActiveCfg = Debug|Any CPU
		{9CCE62FD-9E6E-4C38-9980-08E62D11C316}.Debug|x64.Build.0 = Debug|Any CPU
		{9CCE62FD-9E6E-4C38-9980-08E62D11C316}.Debug|x86.ActiveCfg = Debug|Any CPU
		{9CCE62FD-9E6E-4C38-9980-08E62D11C316}.Debug|x86.Build.0 = Debug|Any CPU
		{9CCE62FD-9E6E-4C38-9980-08E62D11C316}.Release|Any CPU.ActiveCfg = Release|Any CPU
		{9CCE62FD-9E6E-4C38-9980-08E62D11C316}.Release|Any CPU.Build.0 = Release|Any CPU
		{9CCE62FD-9E6E-4C38-9980-08E62D11C316}.Release|x64.ActiveCfg = Release|Any CPU
		{9CCE62FD-9E6E-4C38-9980-08E62D11C316}.Release|x64.Build.0 = Release|Any CPU
		{9CCE62FD-9E6E-4C38-9980-08E62D11C316}.Release|x86.ActiveCfg = Release|Any CPU
		{9CCE62FD-9E6E-4C38-9980-08E62D11C316}.Release|x86.Build.0 = Release|Any CPU
		{D1E2F3A4-5B6C-47D8-9E0F-1A2B3C4D5E6F}.Debug|Any CPU.ActiveCfg = Debug|Any CPU
		{D1E2F3A4-5B6C-47D8-9E0F-1A2B3C4D5E6F}.Debug|Any CPU.Build.0 = Debug|Any CPU
		{D1E2F3A4-5B6C-47D8-9E0F-1A2B3C4D5E6F}.Debug|x64.ActiveCfg = Debug|Any CPU
		{D1E2F3A4-5B6C-47D8-9E0F-1A2B3C4D5E6F}.Debug|x64.Build.0 = Debug|Any CPU
		{D1E2F3A4-5B6C-47D8-9E0F-1A2B3C4D5E6F}.Debug|x86.ActiveCfg = Debug|Any CPU
		{D1E2F3A4-5B6C-47D8-9E0F-1A2B3C4D5E6F}.Debug|x86.Build.0 = Debug|Any CPU
		{D1E2F3A4-5B6C-47D8-9E0F-1A2B3C4D5E6F}.Release|Any CPU.ActiveCfg = Release|Any CPU
		{D1E2F3A4-5B6C-47D8-9E0F-1A2B3C4D5E6F}.Release|Any CPU.Build.0 = Release|Any CPU
		{D1E2F3A4-5B6C-47D8-9E0F-1A2B3C4D5E6F}.Release|x64.ActiveCfg = Release|Any CPU
		{D1E2F3A4-5B6C-47D8-9E0F-1A2B3C4D5E6F}.Release|x64.Build.0 = Release|Any CPU
		{D1E2F3A4-5B6C-47D8-9E0F-1A2B3C4D5E6F}.Release|x86.ActiveCfg = Release|Any CPU
		{D1E2F3A4-5B6C-47D8-9E0F-1A2B3C4D5E6F}.Release|x86.Build.0 = Release|Any CPU
		{B2C0C5DE-B207-4D42-9950-EA1A2B02A452}.Debug|Any CPU.ActiveCfg = Debug|Any CPU
		{B2C0C5DE-B207-4D42-9950-EA1A2B02A452}.Debug|Any CPU.Build.0 = Debug|Any CPU
		{B2C0C5DE-B207-4D42-9950-EA1A2B02A452}.Debug|x64.ActiveCfg = Debug|Any CPU
		{B2C0C5DE-B207-4D42-9950-EA1A2B02A452}.Debug|x64.Build.0 = Debug|Any CPU
		{B2C0C5DE-B207-4D42-9950-EA1A2B02A452}.Debug|x86.ActiveCfg = Debug|Any CPU
		{B2C0C5DE-B207-4D42-9950-EA1A2B02A452}.Debug|x86.Build.0 = Debug|Any CPU
		{B2C0C5DE-B207-4D42-9950-EA1A2B02A452}.Release|Any CPU.ActiveCfg = Release|Any CPU
		{B2C0C5DE-B207-4D42-9950-EA1A2B02A452}.Release|Any CPU.Build.0 = Release|Any CPU
		{B2C0C5DE-B207-4D42-9950-EA1A2B02A452}.Release|x64.ActiveCfg = Release|Any CPU
		{B2C0C5DE-B207-4D42-9950-EA1A2B02A452}.Release|x64.Build.0 = Release|Any CPU
		{B2C0C5DE-B207-4D42-9950-EA1A2B02A452}.Release|x86.ActiveCfg = Release|Any CPU
		{B2C0C5DE-B207-4D42-9950-EA1A2B02A452}.Release|x86.Build.0 = Release|Any CPU
		{74359DCA-FB38-4CF3-AB20-2DDDD714E74B}.Debug|Any CPU.ActiveCfg = Debug|Any CPU
		{74359DCA-FB38-4CF3-AB20-2DDDD714E74B}.Debug|Any CPU.Build.0 = Debug|Any CPU
		{74359DCA-FB38-4CF3-AB20-2DDDD714E74B}.Debug|x64.ActiveCfg = Debug|Any CPU
		{74359DCA-FB38-4CF3-AB20-2DDDD714E74B}.Debug|x64.Build.0 = Debug|Any CPU
		{74359DCA-FB38-4CF3-AB20-2DDDD714E74B}.Debug|x86.ActiveCfg = Debug|Any CPU
		{74359DCA-FB38-4CF3-AB20-2DDDD714E74B}.Debug|x86.Build.0 = Debug|Any CPU
		{74359DCA-FB38-4CF3-AB20-2DDDD714E74B}.Release|Any CPU.ActiveCfg = Release|Any CPU
		{74359DCA-FB38-4CF3-AB20-2DDDD714E74B}.Release|Any CPU.Build.0 = Release|Any CPU
		{74359DCA-FB38-4CF3-AB20-2DDDD714E74B}.Release|x64.ActiveCfg = Release|Any CPU
		{74359DCA-FB38-4CF3-AB20-2DDDD714E74B}.Release|x64.Build.0 = Release|Any CPU
		{74359DCA-FB38-4CF3-AB20-2DDDD714E74B}.Release|x86.ActiveCfg = Release|Any CPU
		{74359DCA-FB38-4CF3-AB20-2DDDD714E74B}.Release|x86.Build.0 = Release|Any CPU
		{336169AA-2452-4124-954C-94376E6F6264}.Debug|Any CPU.ActiveCfg = Debug|Any CPU
		{336169AA-2452-4124-954C-94376E6F6264}.Debug|Any CPU.Build.0 = Debug|Any CPU
		{336169AA-2452-4124-954C-94376E6F6264}.Debug|x64.ActiveCfg = Debug|Any CPU
		{336169AA-2452-4124-954C-94376E6F6264}.Debug|x64.Build.0 = Debug|Any CPU
		{336169AA-2452-4124-954C-94376E6F6264}.Debug|x86.ActiveCfg = Debug|Any CPU
		{336169AA-2452-4124-954C-94376E6F6264}.Debug|x86.Build.0 = Debug|Any CPU
		{336169AA-2452-4124-954C-94376E6F6264}.Release|Any CPU.ActiveCfg = Release|Any CPU
		{336169AA-2452-4124-954C-94376E6F6264}.Release|Any CPU.Build.0 = Release|Any CPU
		{336169AA-2452-4124-954C-94376E6F6264}.Release|x64.ActiveCfg = Release|Any CPU
		{336169AA-2452-4124-954C-94376E6F6264}.Release|x64.Build.0 = Release|Any CPU
		{336169AA-2452-4124-954C-94376E6F6264}.Release|x86.ActiveCfg = Release|Any CPU
		{336169AA-2452-4124-954C-94376E6F6264}.Release|x86.Build.0 = Release|Any CPU
		{5A1F2E3D-9C7B-4A6E-8D2F-1B3C4D5E6F7A}.Debug|Any CPU.ActiveCfg = Debug|Any CPU
		{5A1F2E3D-9C7B-4A6E-8D2F-1B3C4D5E6F7A}.Debug|Any CPU.Build.0 = Debug|Any CPU
		{5A1F2E3D-9C7B-4A6E-8D2F-1B3C4D5E6F7A}.Debug|x64.ActiveCfg = Debug|Any CPU
		{5A1F2E3D-9C7B-4A6E-8D2F-1B3C4D5E6F7A}.Debug|x64.Build.0 = Debug|Any CPU
		{5A1F2E3D-9C7B-4A6E-8D2F-1B3C4D5E6F7A}.Debug|x86.ActiveCfg = Debug|Any CPU
		{5A1F2E3D-9C7B-4A6E-8D2F-1B3C4D5E6F7A}.Debug|x86.Build.0 = Debug|Any CPU
		{5A1F2E3D-9C7B-4A6E-8D2F-1B3C4D5E6F7A}.Release|Any CPU.ActiveCfg = Release|Any CPU
		{5A1F2E3D-9C7B-4A6E-8D2F-1B3C4D5E6F7A}.Release|Any CPU.Build.0 = Release|Any CPU
		{5A1F2E3D-9C7B-4A6E-8D2F-1B3C4D5E6F7A}.Release|x64.ActiveCfg = Release|Any CPU
		{5A1F2E3D-9C7B-4A6E-8D2F-1B3C4D5E6F7A}.Release|x64.Build.0 = Release|Any CPU
		{5A1F2E3D-9C7B-4A6E-8D2F-1B3C4D5E6F7A}.Release|x86.ActiveCfg = Release|Any CPU
		{5A1F2E3D-9C7B-4A6E-8D2F-1B3C4D5E6F7A}.Release|x86.Build.0 = Release|Any CPU
		{6B2A3F4E-0D8C-4B7F-9E30-2C4D5E6F7A8B}.Debug|Any CPU.ActiveCfg = Debug|Any CPU
		{6B2A3F4E-0D8C-4B7F-9E30-2C4D5E6F7A8B}.Debug|Any CPU.Build.0 = Debug|Any CPU
		{6B2A3F4E-0D8C-4B7F-9E30-2C4D5E6F7A8B}.Debug|x64.ActiveCfg = Debug|Any CPU
		{6B2A3F4E-0D8C-4B7F-9E30-2C4D5E6F7A8B}.Debug|x64.Build.0 = Debug|Any CPU
		{6B2A3F4E-0D8C-4B7F-9E30-2C4D5E6F7A8B}.Debug|x86.ActiveCfg = Debug|Any CPU
		{6B2A3F4E-0D8C-4B7F-9E30-2C4D5E6F7A8B}.Debug|x86.Build.0 = Debug|Any CPU
		{6B2A3F4E-0D8C-4B7F-9E30-2C4D5E6F7A8B}.Release|Any CPU.ActiveCfg = Release|Any CPU
		{6B2A3F4E-0D8C-4B7F-9E30-2C4D5E6F7A8B}.Release|Any CPU.Build.0 = Release|Any CPU
		{6B2A3F4E-0D8C-4B7F-9E30-2C4D5E6F7A8B}.Release|x64.ActiveCfg = Release|Any CPU
		{6B2A3F4E-0D8C-4B7F-9E30-2C4D5E6F7A8B}.Release|x64.Build.0 = Release|Any CPU
		{6B2A3F4E-0D8C-4B7F-9E30-2C4D5E6F7A8B}.Release|x86.ActiveCfg = Release|Any CPU
		{6B2A3F4E-0D8C-4B7F-9E30-2C4D5E6F7A8B}.Release|x86.Build.0 = Release|Any CPU
		{7C3B4A5F-1E9D-4C80-AF41-3D5E6F7A8B9C}.Debug|Any CPU.ActiveCfg = Debug|Any CPU
		{7C3B4A5F-1E9D-4C80-AF41-3D5E6F7A8B9C}.Debug|Any CPU.Build.0 = Debug|Any CPU
		{7C3B4A5F-1E9D-4C80-AF41-3D5E6F7A8B9C}.Debug|x64.ActiveCfg = Debug|Any CPU
		{7C3B4A5F-1E9D-4C80-AF41-3D5E6F7A8B9C}.Debug|x64.Build.0 = Debug|Any CPU
		{7C3B4A5F-1E9D-4C80-AF41-3D5E6F7A8B9C}.Debug|x86.ActiveCfg = Debug|Any CPU
		{7C3B4A5F-1E9D-4C80-AF41-3D5E6F7A8B9C}.Debug|x86.Build.0 = Debug|Any CPU
		{7C3B4A5F-1E9D-4C80-AF41-3D5E6F7A8B9C}.Release|Any CPU.ActiveCfg = Release|Any CPU
		{7C3B4A5F-1E9D-4C80-AF41-3D5E6F7A8B9C}.Release|Any CPU.Build.0 = Release|Any CPU
		{7C3B4A5F-1E9D-4C80-AF41-3D5E6F7A8B9C}.Release|x64.ActiveCfg = Release|Any CPU
		{7C3B4A5F-1E9D-4C80-AF41-3D5E6F7A8B9C}.Release|x64.Build.0 = Release|Any CPU
		{7C3B4A5F-1E9D-4C80-AF41-3D5E6F7A8B9C}.Release|x86.ActiveCfg = Release|Any CPU
		{7C3B4A5F-1E9D-4C80-AF41-3D5E6F7A8B9C}.Release|x86.Build.0 = Release|Any CPU
		{98B8DFBD-3633-4B8C-B885-6499A4B9C462}.Debug|Any CPU.ActiveCfg = Debug|Any CPU
		{98B8DFBD-3633-4B8C-B885-6499A4B9C462}.Debug|Any CPU.Build.0 = Debug|Any CPU
		{98B8DFBD-3633-4B8C-B885-6499A4B9C462}.Debug|x64.ActiveCfg = Debug|Any CPU
		{98B8DFBD-3633-4B8C-B885-6499A4B9C462}.Debug|x64.Build.0 = Debug|Any CPU
		{98B8DFBD-3633-4B8C-B885-6499A4B9C462}.Debug|x86.ActiveCfg = Debug|Any CPU
		{98B8DFBD-3633-4B8C-B885-6499A4B9C462}.Debug|x86.Build.0 = Debug|Any CPU
		{98B8DFBD-3633-4B8C-B885-6499A4B9C462}.Release|Any CPU.ActiveCfg = Release|Any CPU
		{98B8DFBD-3633-4B8C-B885-6499A4B9C462}.Release|Any CPU.Build.0 = Release|Any CPU
		{98B8DFBD-3633-4B8C-B885-6499A4B9C462}.Release|x64.ActiveCfg = Release|Any CPU
		{98B8DFBD-3633-4B8C-B885-6499A4B9C462}.Release|x64.Build.0 = Release|Any CPU
		{98B8DFBD-3633-4B8C-B885-6499A4B9C462}.Release|x86.ActiveCfg = Release|Any CPU
		{98B8DFBD-3633-4B8C-B885-6499A4B9C462}.Release|x86.Build.0 = Release|Any CPU
		{F540E2C3-4A1B-43D6-A954-D34A24F37CEC}.Debug|Any CPU.ActiveCfg = Debug|Any CPU
		{F540E2C3-4A1B-43D6-A954-D34A24F37CEC}.Debug|Any CPU.Build.0 = Debug|Any CPU
		{F540E2C3-4A1B-43D6-A954-D34A24F37CEC}.Debug|x64.ActiveCfg = Debug|Any CPU
		{F540E2C3-4A1B-43D6-A954-D34A24F37CEC}.Debug|x64.Build.0 = Debug|Any CPU
		{F540E2C3-4A1B-43D6-A954-D34A24F37CEC}.Debug|x86.ActiveCfg = Debug|Any CPU
		{F540E2C3-4A1B-43D6-A954-D34A24F37CEC}.Debug|x86.Build.0 = Debug|Any CPU
		{F540E2C3-4A1B-43D6-A954-D34A24F37CEC}.Release|Any CPU.ActiveCfg = Release|Any CPU
		{F540E2C3-4A1B-43D6-A954-D34A24F37CEC}.Release|Any CPU.Build.0 = Release|Any CPU
		{F540E2C3-4A1B-43D6-A954-D34A24F37CEC}.Release|x64.ActiveCfg = Release|Any CPU
		{F540E2C3-4A1B-43D6-A954-D34A24F37CEC}.Release|x64.Build.0 = Release|Any CPU
		{F540E2C3-4A1B-43D6-A954-D34A24F37CEC}.Release|x86.ActiveCfg = Release|Any CPU
		{F540E2C3-4A1B-43D6-A954-D34A24F37CEC}.Release|x86.Build.0 = Release|Any CPU
		{0C7CA342-0E09-48D0-9F96-F69D0FAFCBDD}.Debug|Any CPU.ActiveCfg = Debug|Any CPU
		{0C7CA342-0E09-48D0-9F96-F69D0FAFCBDD}.Debug|Any CPU.Build.0 = Debug|Any CPU
		{0C7CA342-0E09-48D0-9F96-F69D0FAFCBDD}.Debug|x64.ActiveCfg = Debug|Any CPU
		{0C7CA342-0E09-48D0-9F96-F69D0FAFCBDD}.Debug|x64.Build.0 = Debug|Any CPU
		{0C7CA342-0E09-48D0-9F96-F69D0FAFCBDD}.Debug|x86.ActiveCfg = Debug|Any CPU
		{0C7CA342-0E09-48D0-9F96-F69D0FAFCBDD}.Debug|x86.Build.0 = Debug|Any CPU
		{0C7CA342-0E09-48D0-9F96-F69D0FAFCBDD}.Release|Any CPU.ActiveCfg = Release|Any CPU
		{0C7CA342-0E09-48D0-9F96-F69D0FAFCBDD}.Release|Any CPU.Build.0 = Release|Any CPU
		{0C7CA342-0E09-48D0-9F96-F69D0FAFCBDD}.Release|x64.ActiveCfg = Release|Any CPU
		{0C7CA342-0E09-48D0-9F96-F69D0FAFCBDD}.Release|x64.Build.0 = Release|Any CPU
		{0C7CA342-0E09-48D0-9F96-F69D0FAFCBDD}.Release|x86.ActiveCfg = Release|Any CPU
		{0C7CA342-0E09-48D0-9F96-F69D0FAFCBDD}.Release|x86.Build.0 = Release|Any CPU
		{E4107A73-3C5E-4E0E-8978-B4FD44E86E2E}.Debug|Any CPU.ActiveCfg = Debug|Any CPU
		{E4107A73-3C5E-4E0E-8978-B4FD44E86E2E}.Debug|Any CPU.Build.0 = Debug|Any CPU
		{E4107A73-3C5E-4E0E-8978-B4FD44E86E2E}.Debug|x64.ActiveCfg = Debug|Any CPU
		{E4107A73-3C5E-4E0E-8978-B4FD44E86E2E}.Debug|x64.Build.0 = Debug|Any CPU
		{E4107A73-3C5E-4E0E-8978-B4FD44E86E2E}.Debug|x86.ActiveCfg = Debug|Any CPU
		{E4107A73-3C5E-4E0E-8978-B4FD44E86E2E}.Debug|x86.Build.0 = Debug|Any CPU
		{E4107A73-3C5E-4E0E-8978-B4FD44E86E2E}.Release|Any CPU.ActiveCfg = Release|Any CPU
		{E4107A73-3C5E-4E0E-8978-B4FD44E86E2E}.Release|Any CPU.Build.0 = Release|Any CPU
		{E4107A73-3C5E-4E0E-8978-B4FD44E86E2E}.Release|x64.ActiveCfg = Release|Any CPU
		{E4107A73-3C5E-4E0E-8978-B4FD44E86E2E}.Release|x64.Build.0 = Release|Any CPU
		{E4107A73-3C5E-4E0E-8978-B4FD44E86E2E}.Release|x86.ActiveCfg = Release|Any CPU
		{E4107A73-3C5E-4E0E-8978-B4FD44E86E2E}.Release|x86.Build.0 = Release|Any CPU
		{FAB60194-1769-4416-AD00-10303F2CD5AD}.Debug|Any CPU.ActiveCfg = Debug|Any CPU
		{FAB60194-1769-4416-AD00-10303F2CD5AD}.Debug|Any CPU.Build.0 = Debug|Any CPU
		{FAB60194-1769-4416-AD00-10303F2CD5AD}.Debug|x64.ActiveCfg = Debug|Any CPU
		{FAB60194-1769-4416-AD00-10303F2CD5AD}.Debug|x64.Build.0 = Debug|Any CPU
		{FAB60194-1769-4416-AD00-10303F2CD5AD}.Debug|x86.ActiveCfg = Debug|Any CPU
		{FAB60194-1769-4416-AD00-10303F2CD5AD}.Debug|x86.Build.0 = Debug|Any CPU
		{FAB60194-1769-4416-AD00-10303F2CD5AD}.Release|Any CPU.ActiveCfg = Release|Any CPU
		{FAB60194-1769-4416-AD00-10303F2CD5AD}.Release|Any CPU.Build.0 = Release|Any CPU
		{FAB60194-1769-4416-AD00-10303F2CD5AD}.Release|x64.ActiveCfg = Release|Any CPU
		{FAB60194-1769-4416-AD00-10303F2CD5AD}.Release|x64.Build.0 = Release|Any CPU
		{FAB60194-1769-4416-AD00-10303F2CD5AD}.Release|x86.ActiveCfg = Release|Any CPU
		{FAB60194-1769-4416-AD00-10303F2CD5AD}.Release|x86.Build.0 = Release|Any CPU
		{B208069D-9F69-4A8F-93D3-7B28C6129A16}.Debug|Any CPU.ActiveCfg = Debug|Any CPU
		{B208069D-9F69-4A8F-93D3-7B28C6129A16}.Debug|Any CPU.Build.0 = Debug|Any CPU
		{B208069D-9F69-4A8F-93D3-7B28C6129A16}.Debug|x64.ActiveCfg = Debug|Any CPU
		{B208069D-9F69-4A8F-93D3-7B28C6129A16}.Debug|x64.Build.0 = Debug|Any CPU
		{B208069D-9F69-4A8F-93D3-7B28C6129A16}.Debug|x86.ActiveCfg = Debug|Any CPU
		{B208069D-9F69-4A8F-93D3-7B28C6129A16}.Debug|x86.Build.0 = Debug|Any CPU
		{B208069D-9F69-4A8F-93D3-7B28C6129A16}.Release|Any CPU.ActiveCfg = Release|Any CPU
		{B208069D-9F69-4A8F-93D3-7B28C6129A16}.Release|Any CPU.Build.0 = Release|Any CPU
		{B208069D-9F69-4A8F-93D3-7B28C6129A16}.Release|x64.ActiveCfg = Release|Any CPU
		{B208069D-9F69-4A8F-93D3-7B28C6129A16}.Release|x64.Build.0 = Release|Any CPU
		{B208069D-9F69-4A8F-93D3-7B28C6129A16}.Release|x86.ActiveCfg = Release|Any CPU
		{B208069D-9F69-4A8F-93D3-7B28C6129A16}.Release|x86.Build.0 = Release|Any CPU
		{D88AD731-1C6F-46C8-A804-B43DEE640474}.Debug|Any CPU.ActiveCfg = Debug|Any CPU
		{D88AD731-1C6F-46C8-A804-B43DEE640474}.Debug|Any CPU.Build.0 = Debug|Any CPU
		{D88AD731-1C6F-46C8-A804-B43DEE640474}.Debug|x64.ActiveCfg = Debug|Any CPU
		{D88AD731-1C6F-46C8-A804-B43DEE640474}.Debug|x64.Build.0 = Debug|Any CPU
		{D88AD731-1C6F-46C8-A804-B43DEE640474}.Debug|x86.ActiveCfg = Debug|Any CPU
		{D88AD731-1C6F-46C8-A804-B43DEE640474}.Debug|x86.Build.0 = Debug|Any CPU
		{D88AD731-1C6F-46C8-A804-B43DEE640474}.Release|Any CPU.ActiveCfg = Release|Any CPU
		{D88AD731-1C6F-46C8-A804-B43DEE640474}.Release|Any CPU.Build.0 = Release|Any CPU
		{D88AD731-1C6F-46C8-A804-B43DEE640474}.Release|x64.ActiveCfg = Release|Any CPU
		{D88AD731-1C6F-46C8-A804-B43DEE640474}.Release|x64.Build.0 = Release|Any CPU
		{D88AD731-1C6F-46C8-A804-B43DEE640474}.Release|x86.ActiveCfg = Release|Any CPU
		{D88AD731-1C6F-46C8-A804-B43DEE640474}.Release|x86.Build.0 = Release|Any CPU
	EndGlobalSection
	GlobalSection(SolutionProperties) = preSolution
		HideSolutionNode = FALSE
	EndGlobalSection
	GlobalSection(NestedProjects) = preSolution
		{7F8EBC22-0059-4547-9D26-2B498DB17BBD} = {827E0CD3-B72D-47B6-A68D-7590B98EB39B}
		{46613845-3C9B-4E68-B7FC-85AAFFF62D96} = {827E0CD3-B72D-47B6-A68D-7590B98EB39B}
		{6F32F118-D99D-4480-B0D6-4AC4D1113D46} = {827E0CD3-B72D-47B6-A68D-7590B98EB39B}
		{E9D61410-8A29-4D28-B0CF-F1512540FA1F} = {827E0CD3-B72D-47B6-A68D-7590B98EB39B}
		{D1E2F3A4-5B6C-47D8-9E0F-1A2B3C4D5E6F} = {9A1B2C3D-4E5F-4061-8A7B-9C0D1E2F3A4B}
		{B2C0C5DE-B207-4D42-9950-EA1A2B02A452} = {827E0CD3-B72D-47B6-A68D-7590B98EB39B}
		{74359DCA-FB38-4CF3-AB20-2DDDD714E74B} = {827E0CD3-B72D-47B6-A68D-7590B98EB39B}
		{336169AA-2452-4124-954C-94376E6F6264} = {827E0CD3-B72D-47B6-A68D-7590B98EB39B}
		{5A1F2E3D-9C7B-4A6E-8D2F-1B3C4D5E6F7A} = {827E0CD3-B72D-47B6-A68D-7590B98EB39B}
		{6B2A3F4E-0D8C-4B7F-9E30-2C4D5E6F7A8B} = {827E0CD3-B72D-47B6-A68D-7590B98EB39B}
		{7C3B4A5F-1E9D-4C80-AF41-3D5E6F7A8B9C} = {827E0CD3-B72D-47B6-A68D-7590B98EB39B}
		{98B8DFBD-3633-4B8C-B885-6499A4B9C462} = {827E0CD3-B72D-47B6-A68D-7590B98EB39B}
		{F540E2C3-4A1B-43D6-A954-D34A24F37CEC} = {827E0CD3-B72D-47B6-A68D-7590B98EB39B}
		{FAB60194-1769-4416-AD00-10303F2CD5AD} = {5D20AA90-6969-D8BD-9DCD-8634F4692FDA}
		{B208069D-9F69-4A8F-93D3-7B28C6129A16} = {4FE02BE1-B458-D8E2-5C6F-E1C07BBA7565}
		{D88AD731-1C6F-46C8-A804-B43DEE640474} = {4FE02BE1-B458-D8E2-5C6F-E1C07BBA7565}
	EndGlobalSection
EndGlobal
