{
  "version": 2,
  "dependencies": {
    "net10.0": {
      "AWSSDK.SecretsManager": {
        "type": "Direct",
        "requested": "[4.0.100.15, )",
        "resolved": "4.0.100.15",
        "contentHash": "rT7ynrNzVwjrKVOPncko6lCkd2oZCZV7Fq9BW1bnEP9IZurexHz+Gqg+TNN1CCCh4J9HNnd8vIuSg29IX9FxMA==",
        "dependencies": {
          "AWSSDK.Core": "[4.0.102.8, 5.0.0)"
        }
      },
      "jd.efcpt.build.core": {
        "type": "Project",
        "dependencies": {
          "JD.Efcpt.Build.Providers.Abstractions": "[1.0.0, )",
          "PatternKit.Core": "[0.147.27, )",
          "System.IO.Hashing": "[10.0.12, )"
        }
      },
      "jd.efcpt.build.providers.abstractions": {
        "type": "Project"
      },
      "AWSSDK.Core": {
        "type": "CentralTransitive",
        "requested": "[4.0.102.8, )",
        "resolved": "4.0.102.8",
        "contentHash": "90B9Skhl+ORbtWNXrrmGdGhGvAfZiPmZafRYrB/xHelZjePIwPvXioqz9UiiF1vo21eDLzTnXh5EC4RjbNWsFQ=="
      },
      "PatternKit.Core": {
        "type": "CentralTransitive",
        "requested": "[0.147.27, )",
        "resolved": "0.147.27",
        "contentHash": "z/VLiqxzmJeL2hUiGp4jKXO5g6w0mH6odh7QAn8x2EMvqdlt9kbw0EJa6IcKYGZAcD0fJn67wkpq9+HxQvJPsQ=="
      },
      "System.IO.Hashing": {
        "type": "CentralTransitive",
        "requested": "[10.0.12, )",
        "resolved": "10.0.12",
        "contentHash": "jDix4bBMYnpZdSPcnY+KDV6ik3SRMzpMKby/bZl/XUwIiflwRNAFZ0oOl61R/pSaveIJ8t1gs2BUlrGsPs/bcg=="
      }
    }
  }
}