{
  "version": 2,
  "dependencies": {
    "net10.0": {
      "AWSSDK.SecretsManager": {
        "type": "Direct",
        "requested": "[4.0.100.7, )",
        "resolved": "4.0.100.7",
        "contentHash": "68ATM6mDicWYIPH1PkZUbFbyCbCwhxpoEDSTfCSDHtm3BbwWGyKIJ7jGRpzkg9BBjpLsPGkqhaubaOH4+F7xEQ==",
        "dependencies": {
          "AWSSDK.Core": "[4.0.100.9, 5.0.0)"
        }
      },
      "jd.efcpt.build.core": {
        "type": "Project",
        "dependencies": {
          "JD.Efcpt.Build.Providers.Abstractions": "[1.0.0, )",
          "PatternKit.Core": "[0.147.17, )",
          "System.IO.Hashing": "[10.0.10, )"
        }
      },
      "jd.efcpt.build.providers.abstractions": {
        "type": "Project"
      },
      "AWSSDK.Core": {
        "type": "CentralTransitive",
        "requested": "[4.0.100.9, )",
        "resolved": "4.0.100.9",
        "contentHash": "OPYy41jZjXwxxcYRotaq24HDrwUnVtBB/mvg1IwB9D1ICXAtHqMa1sp2hpmlVJCZwjlcrPcTCJIejInvV1vp5g=="
      },
      "PatternKit.Core": {
        "type": "CentralTransitive",
        "requested": "[0.147.17, )",
        "resolved": "0.147.17",
        "contentHash": "w+URD3sTeIuLOZnlL6LrDN2l5648FK/s4QdEQQCjGZDQcLkFvip390krMtO4ctb/iERKkxCxxihGiw3Z5ZBnug=="
      },
      "System.IO.Hashing": {
        "type": "CentralTransitive",
        "requested": "[10.0.10, )",
        "resolved": "10.0.10",
        "contentHash": "eE839zyWZD/UBZYzP2lu9fhHX6RWe63/jz3Jxf+JumzO/db+Vc2s7CMiDwxk9ti2NTUft2tdRx31Rw2OjKbecA=="
      }
    }
  }
}