{
  "version": 2,
  "dependencies": {
    "net9.0": {
      "JD.MSBuild.Fluent": {
        "type": "Direct",
        "requested": "[1.3.25, )",
        "resolved": "1.3.25",
        "contentHash": "Oatm6bf2nILzXd7inO8tEeuoQINlSlktNBt6HUAC8rMHMAW+IROLCMl/NdEAuTYm1j4m73ZYAsYK7lgHwn2Ohg=="
      }
    }
  }
}