{
  "version": 2,
  "dependencies": {
    "net9.0": {
      "JD.MSBuild.Fluent": {
        "type": "Direct",
        "requested": "[1.3.36, )",
        "resolved": "1.3.36",
        "contentHash": "GMyM66pM3zBmFgZ1/D32uaKfo9CULe+PqoPEaCf0zGSs33JgExkCmwiUMqsApLz0aGJChmPymPnNexhdwl+J0w=="
      }
    }
  }
}