{
  "version": 2,
  "dependencies": {
    "net9.0": {
      "JD.MSBuild.Fluent": {
        "type": "Direct",
        "requested": "[1.3.32, )",
        "resolved": "1.3.32",
        "contentHash": "FbJ9xe67dDY0jHWwYoWYrk6R63vaX+H8Zi5G38eZPZqv8PQm0qmBpHf9K1cLjMVEBp9bEIS5MsnxMObW3oKplg=="
      }
    }
  }
}