{
  "version": 1,
  "dependencies": {
    "net10.0": {
      "JD.MSBuild.Fluent": {
        "type": "Direct",
        "requested": "[1.0.*, )",
        "resolved": "1.0.2",
        "contentHash": "9CslMkM9a5DOjKgYzhxmW9u5kJxXlG/JMPZ9BRLDCurSExRkEE+4bShahI4aJFJBFr+pPs75v7wIhrgKcCWEqg=="
      }
    },
    "net8.0": {
      "JD.MSBuild.Fluent": {
        "type": "Direct",
        "requested": "[1.0.*, )",
        "resolved": "1.0.2",
        "contentHash": "9CslMkM9a5DOjKgYzhxmW9u5kJxXlG/JMPZ9BRLDCurSExRkEE+4bShahI4aJFJBFr+pPs75v7wIhrgKcCWEqg=="
      }
    },
    "net9.0": {
      "JD.MSBuild.Fluent": {
        "type": "Direct",
        "requested": "[1.0.*, )",
        "resolved": "1.0.2",
        "contentHash": "9CslMkM9a5DOjKgYzhxmW9u5kJxXlG/JMPZ9BRLDCurSExRkEE+4bShahI4aJFJBFr+pPs75v7wIhrgKcCWEqg=="
      }
    }
  }
}