{
  "version": 2,
  "dependencies": {
    "net10.0": {
      "AWSSDK.Core": {
        "type": "Direct",
        "requested": "[4.0.7.1, )",
        "resolved": "4.0.7.1",
        "contentHash": "XA0GHLwEMkoVu3u8neKnLEDD9ViXpn26ie9UhKXZXYRzCRfSFrLWpBOhupWlf+cJEFBYCC5mx2NsN8h59Y+M2Q=="
      },
      "JD.MSBuild.Fluent": {
        "type": "Direct",
        "requested": "[1.3.34, )",
        "resolved": "1.3.34",
        "contentHash": "vqruZuzIOlG9sxN5t2cfEhHo7/65bOJq8qWch1SoVcOUtusEbeI12Qq26xTPejB0Wsu2Jz6nz/PGwfKkI/Vv3A=="
      },
      "Microsoft.Data.SqlClient": {
        "type": "Direct",
        "requested": "[7.0.3, )",
        "resolved": "7.0.3",
        "contentHash": "5DDy4tqsB94bHXRhTnVcIceqAqJr5sW7qsIcZGdrgH2EyjlIzcPVOInc2ThZEQpl33oXuW4r8N/7kZZJtn+YMw==",
        "dependencies": {
          "Microsoft.Bcl.Cryptography": "9.0.13",
          "Microsoft.Data.SqlClient.Extensions.Abstractions": "[7.0.3, 8.0.0)",
          "Microsoft.Data.SqlClient.Internal.Logging": "[7.0.3, 8.0.0)",
          "Microsoft.Data.SqlClient.SNI.runtime": "[6.0.3, 7.0.0)",
          "Microsoft.Extensions.Caching.Memory": "9.0.13",
          "Microsoft.IdentityModel.JsonWebTokens": "8.16.0",
          "Microsoft.IdentityModel.Protocols.OpenIdConnect": "8.16.0",
          "Microsoft.SqlServer.Server": "[1.0.0, 2.0.0)",
          "System.Configuration.ConfigurationManager": "9.0.13",
          "System.Security.Cryptography.Pkcs": "9.0.13"
        }
      },
      "Microsoft.Bcl.Cryptography": {
        "type": "Transitive",
        "resolved": "9.0.13",
        "contentHash": "5T+bH3Lb1nEe8Hf/ixMxLmhlrx5wRi53wv7OhVwG2F1ZviW1ejFRS1NHur3uqPpJRGtkQwUchtY6zhVK2R+v+w=="
      },
      "Microsoft.Data.SqlClient.Extensions.Abstractions": {
        "type": "Transitive",
        "resolved": "7.0.3",
        "contentHash": "sP2oeKE82gxIqw3FKJb2BmPv/6Ux6hfVw3BRyn/N+lHHKetv2SXwhvOdolmyg/W168AQDNya+rYkyV3x5TbYGA==",
        "dependencies": {
          "Microsoft.Data.SqlClient.Internal.Logging": "[7.0.3, 8.0.0)"
        }
      },
      "Microsoft.Data.SqlClient.Internal.Logging": {
        "type": "Transitive",
        "resolved": "7.0.3",
        "contentHash": "uIorWCINpWFfQGvlpd9LqwzHPf8d6IB39wjX/U48oIbiK+V9+r10U2zcXJi5NJptLe5jhVWQo537El4IGV+WbQ=="
      },
      "Microsoft.Data.SqlClient.SNI.runtime": {
        "type": "Transitive",
        "resolved": "6.0.3",
        "contentHash": "kt2JDsmcFGzeanCo6hJNalMcjEvgtYoxSQjqh00Nm1xXmahHzuR48TxjS1nq/lpnYh+g+wLqD5D9WSz8xsybhw=="
      },
      "Microsoft.Extensions.Caching.Abstractions": {
        "type": "Transitive",
        "resolved": "9.0.13",
        "contentHash": "nTT90JYIpcXEy6fcU8LPVycONkO6wipROgP9pyC4uxBif4fazu2rDzlWSntqtzr5p8GbQL2EopsYuTZR3yoeag==",
        "dependencies": {
          "Microsoft.Extensions.Primitives": "9.0.13"
        }
      },
      "Microsoft.Extensions.Caching.Memory": {
        "type": "Transitive",
        "resolved": "9.0.13",
        "contentHash": "OdQmN8LYcUEu20Fxii9mk68nHJGL+JPXF3w0+hxenf0oDDdDBA+ZV/S92FmIgAWAElowIiFA/g0x+8YB1g80Hg==",
        "dependencies": {
          "Microsoft.Extensions.Caching.Abstractions": "9.0.13",
          "Microsoft.Extensions.DependencyInjection.Abstractions": "9.0.13",
          "Microsoft.Extensions.Logging.Abstractions": "9.0.13",
          "Microsoft.Extensions.Options": "9.0.13",
          "Microsoft.Extensions.Primitives": "9.0.13"
        }
      },
      "Microsoft.Extensions.DependencyInjection.Abstractions": {
        "type": "Transitive",
        "resolved": "10.0.0",
        "contentHash": "L3AdmZ1WOK4XXT5YFPEwyt0ep6l8lGIPs7F5OOBZc77Zqeo01Of7XXICy47628sdVl0v/owxYJTe86DTgFwKCA=="
      },
      "Microsoft.Extensions.Logging.Abstractions": {
        "type": "Transitive",
        "resolved": "10.0.0",
        "contentHash": "FU/IfjDfwaMuKr414SSQNTIti/69bHEMb+QKrskRb26oVqpx3lNFXMjs/RC9ZUuhBhcwDM2BwOgoMw+PZ+beqQ==",
        "dependencies": {
          "Microsoft.Extensions.DependencyInjection.Abstractions": "10.0.0"
        }
      },
      "Microsoft.Extensions.Options": {
        "type": "Transitive",
        "resolved": "9.0.13",
        "contentHash": "MJ0afZ8YTPr+TQ0qN+vp4U1yqgj3ccIhq/sFkznMX/V/sPadIQuQJRNK9gWXUoJ03AQmAt31TXtSMuRX3IvaUw==",
        "dependencies": {
          "Microsoft.Extensions.DependencyInjection.Abstractions": "9.0.13",
          "Microsoft.Extensions.Primitives": "9.0.13"
        }
      },
      "Microsoft.Extensions.Primitives": {
        "type": "Transitive",
        "resolved": "9.0.13",
        "contentHash": "cqzLFZ6rIEX/N1mJAGN8HLqWhlks2G3eYO+9pCShMLqxeBLN7ndS+MbmxiuQiQ0Tj/Q3tVHRWx91n17yLczjmg=="
      },
      "Microsoft.IdentityModel.Abstractions": {
        "type": "Transitive",
        "resolved": "8.16.0",
        "contentHash": "gSxKLWRZzBpIsEoeUPkxfywNCCvRvl7hkq146XHPk5vOQc9izSf1I+uL1vh4y2U19QPxd9Z8K/8AdWyxYz2lSg=="
      },
      "Microsoft.IdentityModel.JsonWebTokens": {
        "type": "Transitive",
        "resolved": "8.16.0",
        "contentHash": "prBU72cIP4V8E9fhN+o/YdskTsLeIcnKPbhZf0X6mD7fdxoZqnS/NdEkSr+9Zp+2q7OZBOMfNBKGbTbhXODO4w==",
        "dependencies": {
          "Microsoft.IdentityModel.Tokens": "8.16.0"
        }
      },
      "Microsoft.IdentityModel.Logging": {
        "type": "Transitive",
        "resolved": "8.16.0",
        "contentHash": "MTzXmETkNQPACR7/XCXM1OGM6oU9RkyibqeJRtO9Ndew2LnGjMf9Atqj2VSf4XC27X0FQycUAlzxxEgQMWn2xQ==",
        "dependencies": {
          "Microsoft.IdentityModel.Abstractions": "8.16.0"
        }
      },
      "Microsoft.IdentityModel.Protocols": {
        "type": "Transitive",
        "resolved": "8.16.0",
        "contentHash": "UFrU7d46UTsPQTa2HIEIpB9H1uJe1BW9FLw5uhEJ2ZuKdur8bcUA/bO5caq5dlBt5gNJeRIB3QQXYNs5fCQCZA==",
        "dependencies": {
          "Microsoft.IdentityModel.Tokens": "8.16.0"
        }
      },
      "Microsoft.IdentityModel.Protocols.OpenIdConnect": {
        "type": "Transitive",
        "resolved": "8.16.0",
        "contentHash": "h4yVXyJsEBBX5lg2G5ftMsi5JzcNEGAzrNphA6DQ6eOd8P0s+cDCOyPwVTYLePZvJL5unbPvYIvzrbTXzFjXnQ==",
        "dependencies": {
          "Microsoft.IdentityModel.Protocols": "8.16.0",
          "System.IdentityModel.Tokens.Jwt": "8.16.0"
        }
      },
      "Microsoft.IdentityModel.Tokens": {
        "type": "Transitive",
        "resolved": "8.16.0",
        "contentHash": "rtViGJcGsN7WcfUNErwNeQgjuU5cJNl6FDQsfi9TncwO+Epzn0FTfBsg3YuFW1Q0Ch/KPxaVdjLw3/+5Z5ceFQ==",
        "dependencies": {
          "Microsoft.Extensions.Logging.Abstractions": "10.0.0",
          "Microsoft.IdentityModel.Logging": "8.16.0"
        }
      },
      "Microsoft.SqlServer.Server": {
        "type": "Transitive",
        "resolved": "1.0.0",
        "contentHash": "N4KeF3cpcm1PUHym1RmakkzfkEv3GRMyofVv40uXsQhCQeglr2OHNcUk2WOG51AKpGO8ynGpo9M/kFXSzghwug=="
      },
      "System.Configuration.ConfigurationManager": {
        "type": "Transitive",
        "resolved": "9.0.13",
        "contentHash": "GbBrJq9S/gYpHzm7Pxx6Y5tDyfSfyxW6tlP5oiKJV38uf19Wp+GIIAnWfyL1zmNiz1+EjwVapw2WkBFvvqKQzg==",
        "dependencies": {
          "System.Diagnostics.EventLog": "9.0.13",
          "System.Security.Cryptography.ProtectedData": "9.0.13"
        }
      },
      "System.Diagnostics.EventLog": {
        "type": "Transitive",
        "resolved": "9.0.13",
        "contentHash": "675Rk4RwaVrWo09wrR2rpDVKixtgtnhd5NhPrn6O21uj92JvE61KTGupn76M2N6Ff/xJjY3SHSfSg0MIanEzGw=="
      },
      "System.IdentityModel.Tokens.Jwt": {
        "type": "Transitive",
        "resolved": "8.16.0",
        "contentHash": "rrs2u7DRMXQG2yh0oVyF/vLwosfRv20Ld2iEpYcKwQWXHjfV+gFXNQsQ9p008kR9Ou4pxBs68Q6/9zC8Gi1wjg==",
        "dependencies": {
          "Microsoft.IdentityModel.JsonWebTokens": "8.16.0",
          "Microsoft.IdentityModel.Tokens": "8.16.0"
        }
      },
      "System.Security.Cryptography.Pkcs": {
        "type": "Transitive",
        "resolved": "9.0.13",
        "contentHash": "dxJhkuoaelvWy588wPXjShNks+ZMiSgXnN75/u+DPbER5PqKrLPDftE0BvGM7nDK/scQAVlD+gRXlCAAjWi58Q=="
      },
      "System.Security.Cryptography.ProtectedData": {
        "type": "Transitive",
        "resolved": "9.0.13",
        "contentHash": "t8S9IDpjJKsLpLkeBdW8cWtcPyYqrGu93Dej1RO6WwuL/lkFSqWlan3rMJfortqz1mRIh+sys2AFsSA6jWJ3Jg=="
      },
      "jd.efcpt.build.core": {
        "type": "Project",
        "dependencies": {
          "JD.Efcpt.Build.Providers.Abstractions": "[1.0.0, )",
          "PatternKit.Core": "[0.147.24, )",
          "System.IO.Hashing": "[10.0.12, )"
        }
      },
      "jd.efcpt.build.providers.abstractions": {
        "type": "Project"
      },
      "jd.efcpt.build.tasks": {
        "type": "Project",
        "dependencies": {
          "JD.Efcpt.Build.Core": "[1.0.0, )",
          "JD.Efcpt.Build.Providers.Abstractions": "[1.0.0, )",
          "Microsoft.Build.Framework": "[18.10.1, )",
          "Microsoft.Build.Utilities.Core": "[18.10.1, )",
          "Microsoft.Data.SqlClient": "[6.1.4, )",
          "PatternKit.Core": "[0.147.24, )",
          "System.IO.Hashing": "[10.0.12, )"
        }
      },
      "Microsoft.Build.Framework": {
        "type": "CentralTransitive",
        "requested": "[18.10.1, )",
        "resolved": "18.10.1",
        "contentHash": "nL8dvvg9V/6PJQ92iQheiGnpkgS/VTBV2py8XM0pzxRYc8byHY83IuriHa3YXkLf3KMWnKlkdoTTt0c5irOXZQ==",
        "dependencies": {
          "Microsoft.NET.StringTools": "[18.10.1]"
        }
      },
      "Microsoft.Build.Utilities.Core": {
        "type": "CentralTransitive",
        "requested": "[18.10.1, )",
        "resolved": "18.10.1",
        "contentHash": "MXBaRIyOuy55jMsv8YMUEsyM9itWaPnfB56qe2St9fYF1YavL4MnCZovKP4Q1AiR1+RgMyLql3OfNbghDM3PbA==",
        "dependencies": {
          "Microsoft.Build.Framework": "[18.10.1]"
        }
      },
      "Microsoft.NET.StringTools": {
        "type": "CentralTransitive",
        "requested": "[18.10.1, )",
        "resolved": "18.10.1",
        "contentHash": "/fIQMMIRzamkho+Teh7K0G8YaH85s2meFwxjFleBJ1DMnX2RHnRjg4xyWoFbmj260Vl4W2b1r7CuvbMAC+W+nQ=="
      },
      "PatternKit.Core": {
        "type": "CentralTransitive",
        "requested": "[0.147.24, )",
        "resolved": "0.147.24",
        "contentHash": "eMbPlSEjKykiqIzvw1Y15sRqD3bIip2lxsDFPyKnGeD4+e7ekblr0sc+Div9E6KpKADZaMybrcXQtsPgEDFsFA=="
      },
      "System.IO.Hashing": {
        "type": "CentralTransitive",
        "requested": "[10.0.12, )",
        "resolved": "10.0.12",
        "contentHash": "jDix4bBMYnpZdSPcnY+KDV6ik3SRMzpMKby/bZl/XUwIiflwRNAFZ0oOl61R/pSaveIJ8t1gs2BUlrGsPs/bcg=="
      }
    }
  }
}