{
  "version": 2,
  "dependencies": {
    "net8.0": {
      "PatternKit.Core": {
        "type": "Direct",
        "requested": "[0.147.26, )",
        "resolved": "0.147.26",
        "contentHash": "nDzRCSuCQQp4w7UdNxyGVy7QSpz5/svIDuuVkdryA1rDgkhs/SyLrVwTWO5IBhBX6NS+JCaZQ0X0UsO/tt+3rw=="
      },
      "System.IO.Hashing": {
        "type": "Direct",
        "requested": "[10.0.12, )",
        "resolved": "10.0.12",
        "contentHash": "jDix4bBMYnpZdSPcnY+KDV6ik3SRMzpMKby/bZl/XUwIiflwRNAFZ0oOl61R/pSaveIJ8t1gs2BUlrGsPs/bcg=="
      },
      "jd.efcpt.build.providers.abstractions": {
        "type": "Project"
      }
    }
  }
}