
Microsoft Visual Studio Solution File, Format Version 12.00
# Visual Studio Version 17
VisualStudioVersion = 17.0.31903.59
MinimumVisualStudioVersion = 10.0.40219.1
Project("{2150E333-8FDC-42A3-9474-1A3956D46DE8}") = "aspnet-core-appsettings", "aspnet-core-appsettings", "{1F87798A-3DA2-1D52-37E6-92287F21560B}"
EndProject
Project("{FAE04EC0-301F-11D3-BF4B-00C04F79EFBC}") = "AspNetCoreAppSettings.AppHost", "aspnet-core-appsettings\AspNetCoreAppSettings.AppHost\AspNetCoreAppSettings.AppHost.csproj", "{50C548F6-BD90-44B2-939B-88E157BC1D77}"
EndProject
Project("{FAE04EC0-301F-11D3-BF4B-00C04F79EFBC}") = "MyApp.Api", "aspnet-core-appsettings\MyApp.Api\MyApp.Api.csproj", "{B6093DDC-14AF-4A21-989B-3AC63B89ACB0}"
EndProject
Project("{2150E333-8FDC-42A3-9474-1A3956D46DE8}") = "connection-string-mssql", "connection-string-mssql", "{8FE76333-615D-4D0B-08EF-9ACA145B22E5}"
EndProject
Project("{FAE04EC0-301F-11D3-BF4B-00C04F79EFBC}") = "ConnectionStringMssql.AppHost", "connection-string-mssql\ConnectionStringMssql.AppHost\ConnectionStringMssql.AppHost.csproj", "{2809E8F4-B766-4D9D-B514-DEB85D974F5C}"
EndProject
Project("{FAE04EC0-301F-11D3-BF4B-00C04F79EFBC}") = "EntityFrameworkCoreProject", "connection-string-mssql\EntityFrameworkCoreProject\EntityFrameworkCoreProject.csproj", "{1ADB10A5-ABA0-430F-88EB-10D2F2A379FC}"
EndProject
Project("{2150E333-8FDC-42A3-9474-1A3956D46DE8}") = "connection-string-sqlite", "connection-string-sqlite", "{F300D630-7571-566C-DE3A-0237458CBD19}"
EndProject
Project("{FAE04EC0-301F-11D3-BF4B-00C04F79EFBC}") = "EntityFrameworkCoreProject", "connection-string-sqlite\EntityFrameworkCoreProject\EntityFrameworkCoreProject.csproj", "{D0DE0C4D-8901-4FBD-A78C-B11D1B4675B4}"
EndProject
Project("{2150E333-8FDC-42A3-9474-1A3956D46DE8}") = "custom-renaming", "custom-renaming", "{10305151-72DA-BBBB-C817-BD890FA250F2}"
EndProject
Project("{FAE04EC0-301F-11D3-BF4B-00C04F79EFBC}") = "EntityFrameworkCoreProject", "custom-renaming\EntityFrameworkCoreProject\EntityFrameworkCoreProject.csproj", "{C7F9A6FC-67C8-4E44-B1CF-671A1315156D}"
EndProject
Project("{00D1A9C2-B5F0-4AF3-8072-F6C62B433612}") = "DatabaseProject", "custom-renaming\DatabaseProject\DatabaseProject.sqlproj", "{F00C8951-341A-4738-A289-33504D2906D5}"
EndProject
Project("{2150E333-8FDC-42A3-9474-1A3956D46DE8}") = "dacpac-zero-config", "dacpac-zero-config", "{CA0ABCE0-AAC8-D42B-D483-0AD6CB9ED44A}"
EndProject
Project("{FAE04EC0-301F-11D3-BF4B-00C04F79EFBC}") = "EntityFrameworkCoreProject", "dacpac-zero-config\EntityFrameworkCoreProject\EntityFrameworkCoreProject.csproj", "{D098CDA1-D567-45E4-8C0E-53DFBA25EE22}"
EndProject
Project("{2150E333-8FDC-42A3-9474-1A3956D46DE8}") = "database-first-sql-generation", "database-first-sql-generation", "{46A6B6E4-1F62-AC21-FF7F-BCB260772A08}"
EndProject
Project("{FAE04EC0-301F-11D3-BF4B-00C04F79EFBC}") = "DataAccessProject", "database-first-sql-generation\DataAccessProject\DataAccessProject.csproj", "{E9BECDF9-5270-4E67-8B53-918DB5414427}"
EndProject
Project("{FAE04EC0-301F-11D3-BF4B-00C04F79EFBC}") = "DatabaseProject", "database-first-sql-generation\DatabaseProject\DatabaseProject.csproj", "{FB8CDB1A-1DE0-488F-943A-115DE375344F}"
EndProject
Project("{2150E333-8FDC-42A3-9474-1A3956D46DE8}") = "microsoft-build-sql-zero-config", "microsoft-build-sql-zero-config", "{D19774F8-5390-DECA-0D5D-DB3D3B1934CC}"
EndProject
Project("{FAE04EC0-301F-11D3-BF4B-00C04F79EFBC}") = "DatabaseProject", "microsoft-build-sql-zero-config\DatabaseProject\DatabaseProject.csproj", "{0756435B-A795-4CC3-BA73-E2AB0F436F39}"
EndProject
Project("{FAE04EC0-301F-11D3-BF4B-00C04F79EFBC}") = "EntityFrameworkCoreProject", "microsoft-build-sql-zero-config\EntityFrameworkCoreProject\EntityFrameworkCoreProject.csproj", "{F03B61E0-1EB5-4ECB-8E43-1ED6A31E7665}"
EndProject
Project("{2150E333-8FDC-42A3-9474-1A3956D46DE8}") = "msbuild-sdk-sql-proj-generation", "msbuild-sdk-sql-proj-generation", "{0FBFF59C-0FC2-5776-A3F6-C46E2EF347EC}"
EndProject
Project("{FAE04EC0-301F-11D3-BF4B-00C04F79EFBC}") = "DatabaseProject", "msbuild-sdk-sql-proj-generation\DatabaseProject\DatabaseProject.csproj", "{DA0491F2-641D-4E6D-9B97-DC465C1CCE33}"
EndProject
Project("{FAE04EC0-301F-11D3-BF4B-00C04F79EFBC}") = "EntityFrameworkCoreProject", "msbuild-sdk-sql-proj-generation\EntityFrameworkCoreProject\EntityFrameworkCoreProject.csproj", "{DF6874DC-C650-43B5-AB7E-55CA87F7C515}"
EndProject
Project("{2150E333-8FDC-42A3-9474-1A3956D46DE8}") = "schema-organization", "schema-organization", "{EBF3C506-8F29-9654-7600-23BD3F25C924}"
EndProject
Project("{FAE04EC0-301F-11D3-BF4B-00C04F79EFBC}") = "EntityFrameworkCoreProject", "schema-organization\EntityFrameworkCoreProject\EntityFrameworkCoreProject.csproj", "{311609F6-420D-4B05-8E66-B1B084C45D19}"
EndProject
Project("{00D1A9C2-B5F0-4AF3-8072-F6C62B433612}") = "DatabaseProject", "schema-organization\DatabaseProject\DatabaseProject.sqlproj", "{433E6F74-5C51-43A5-A92C-C90D8DEB0D98}"
EndProject
Project("{2150E333-8FDC-42A3-9474-1A3956D46DE8}") = "sdk-zero-config", "sdk-zero-config", "{1B681BF4-A602-D408-2E69-2B57B87575B2}"
EndProject
Project("{FAE04EC0-301F-11D3-BF4B-00C04F79EFBC}") = "DatabaseProject", "sdk-zero-config\DatabaseProject\DatabaseProject.csproj", "{7973CB94-3824-48AD-816E-CD9EBF217B3A}"
EndProject
Project("{FAE04EC0-301F-11D3-BF4B-00C04F79EFBC}") = "EntityFrameworkCoreProject", "sdk-zero-config\EntityFrameworkCoreProject\EntityFrameworkCoreProject.csproj", "{E283EB20-A10D-482B-8320-93AFC70C36A8}"
EndProject
Project("{2150E333-8FDC-42A3-9474-1A3956D46DE8}") = "simple-generation", "simple-generation", "{533FC926-FE64-7363-FF68-925D042523EE}"
EndProject
Project("{FAE04EC0-301F-11D3-BF4B-00C04F79EFBC}") = "EntityFrameworkCoreProject", "simple-generation\EntityFrameworkCoreProject\EntityFrameworkCoreProject.csproj", "{C4A32153-A694-401F-B54A-38F7642D24D9}"
EndProject
Project("{00D1A9C2-B5F0-4AF3-8072-F6C62B433612}") = "DatabaseProject", "simple-generation\DatabaseProject\DatabaseProject.sqlproj", "{9F527768-04B3-4DED-89B7-0D0A8DA59DB9}"
EndProject
Project("{2150E333-8FDC-42A3-9474-1A3956D46DE8}") = "simple-sql-integration", "simple-sql-integration", "{992222C4-ADE0-6BF1-7230-A9C65755AE09}"
EndProject
Project("{FAE04EC0-301F-11D3-BF4B-00C04F79EFBC}") = "DataAccessProject", "simple-sql-integration\DataAccessProject\DataAccessProject.csproj", "{E8265A69-7C88-4728-ACD2-710A5F7C0E3A}"
EndProject
Project("{FAE04EC0-301F-11D3-BF4B-00C04F79EFBC}") = "DatabaseProject", "simple-sql-integration\DatabaseProject\DatabaseProject.csproj", "{1B282238-83D7-4FBD-BE3C-180A82253543}"
EndProject
Project("{2150E333-8FDC-42A3-9474-1A3956D46DE8}") = "split-data-and-models-between-multiple-projects", "split-data-and-models-between-multiple-projects", "{DAF4ADBB-250D-0A80-76AC-796D3C9CD4A9}"
EndProject
Project("{2150E333-8FDC-42A3-9474-1A3956D46DE8}") = "src", "src", "{986A884E-2D1F-75CC-48B5-B2716C96E4D3}"
EndProject
Project("{FAE04EC0-301F-11D3-BF4B-00C04F79EFBC}") = "SampleApp.Data", "split-data-and-models-between-multiple-projects\src\SampleApp.Data\SampleApp.Data.csproj", "{6C744129-0A51-4110-93E4-FCD652680C21}"
EndProject
Project("{FAE04EC0-301F-11D3-BF4B-00C04F79EFBC}") = "SampleApp.Models", "split-data-and-models-between-multiple-projects\src\SampleApp.Models\SampleApp.Models.csproj", "{E57FA06A-5CAA-4911-85C5-25A9F0C7E97C}"
EndProject
Project("{00D1A9C2-B5F0-4AF3-8072-F6C62B433612}") = "SampleApp.Sql", "split-data-and-models-between-multiple-projects\src\SampleApp.Sql\SampleApp.Sql.sqlproj", "{8F4BE58C-4C65-4960-9BD4-F785F1AD6EB1}"
EndProject
Project("{9A19103F-16F7-4668-BE54-9A1E7A4F7556}") = "_build", "build\_build.csproj", "{A9E02FAB-D5FA-4381-9BC9-F3BA8C9AF559}"
EndProject
Global
	GlobalSection(SolutionConfigurationPlatforms) = preSolution
		Debug|Any CPU = Debug|Any CPU
		Debug|x64 = Debug|x64
		Debug|x86 = Debug|x86
		Release|Any CPU = Release|Any CPU
		Release|x64 = Release|x64
		Release|x86 = Release|x86
	EndGlobalSection
	GlobalSection(ProjectConfigurationPlatforms) = postSolution
		{A9E02FAB-D5FA-4381-9BC9-F3BA8C9AF559}.Debug|Any CPU.ActiveCfg = Debug|Any CPU
		{A9E02FAB-D5FA-4381-9BC9-F3BA8C9AF559}.Release|Any CPU.ActiveCfg = Release|Any CPU
		{50C548F6-BD90-44B2-939B-88E157BC1D77}.Debug|Any CPU.ActiveCfg = Debug|Any CPU
		{50C548F6-BD90-44B2-939B-88E157BC1D77}.Debug|Any CPU.Build.0 = Debug|Any CPU
		{50C548F6-BD90-44B2-939B-88E157BC1D77}.Debug|x64.ActiveCfg = Debug|Any CPU
		{50C548F6-BD90-44B2-939B-88E157BC1D77}.Debug|x64.Build.0 = Debug|Any CPU
		{50C548F6-BD90-44B2-939B-88E157BC1D77}.Debug|x86.ActiveCfg = Debug|Any CPU
		{50C548F6-BD90-44B2-939B-88E157BC1D77}.Debug|x86.Build.0 = Debug|Any CPU
		{50C548F6-BD90-44B2-939B-88E157BC1D77}.Release|Any CPU.ActiveCfg = Release|Any CPU
		{50C548F6-BD90-44B2-939B-88E157BC1D77}.Release|Any CPU.Build.0 = Release|Any CPU
		{50C548F6-BD90-44B2-939B-88E157BC1D77}.Release|x64.ActiveCfg = Release|Any CPU
		{50C548F6-BD90-44B2-939B-88E157BC1D77}.Release|x64.Build.0 = Release|Any CPU
		{50C548F6-BD90-44B2-939B-88E157BC1D77}.Release|x86.ActiveCfg = Release|Any CPU
		{50C548F6-BD90-44B2-939B-88E157BC1D77}.Release|x86.Build.0 = Release|Any CPU
		{B6093DDC-14AF-4A21-989B-3AC63B89ACB0}.Debug|Any CPU.ActiveCfg = Debug|Any CPU
		{B6093DDC-14AF-4A21-989B-3AC63B89ACB0}.Debug|Any CPU.Build.0 = Debug|Any CPU
		{B6093DDC-14AF-4A21-989B-3AC63B89ACB0}.Debug|x64.ActiveCfg = Debug|Any CPU
		{B6093DDC-14AF-4A21-989B-3AC63B89ACB0}.Debug|x64.Build.0 = Debug|Any CPU
		{B6093DDC-14AF-4A21-989B-3AC63B89ACB0}.Debug|x86.ActiveCfg = Debug|Any CPU
		{B6093DDC-14AF-4A21-989B-3AC63B89ACB0}.Debug|x86.Build.0 = Debug|Any CPU
		{B6093DDC-14AF-4A21-989B-3AC63B89ACB0}.Release|Any CPU.ActiveCfg = Release|Any CPU
		{B6093DDC-14AF-4A21-989B-3AC63B89ACB0}.Release|Any CPU.Build.0 = Release|Any CPU
		{B6093DDC-14AF-4A21-989B-3AC63B89ACB0}.Release|x64.ActiveCfg = Release|Any CPU
		{B6093DDC-14AF-4A21-989B-3AC63B89ACB0}.Release|x64.Build.0 = Release|Any CPU
		{B6093DDC-14AF-4A21-989B-3AC63B89ACB0}.Release|x86.ActiveCfg = Release|Any CPU
		{B6093DDC-14AF-4A21-989B-3AC63B89ACB0}.Release|x86.Build.0 = Release|Any CPU
		{2809E8F4-B766-4D9D-B514-DEB85D974F5C}.Debug|Any CPU.ActiveCfg = Debug|Any CPU
		{2809E8F4-B766-4D9D-B514-DEB85D974F5C}.Debug|Any CPU.Build.0 = Debug|Any CPU
		{2809E8F4-B766-4D9D-B514-DEB85D974F5C}.Debug|x64.ActiveCfg = Debug|Any CPU
		{2809E8F4-B766-4D9D-B514-DEB85D974F5C}.Debug|x64.Build.0 = Debug|Any CPU
		{2809E8F4-B766-4D9D-B514-DEB85D974F5C}.Debug|x86.ActiveCfg = Debug|Any CPU
		{2809E8F4-B766-4D9D-B514-DEB85D974F5C}.Debug|x86.Build.0 = Debug|Any CPU
		{2809E8F4-B766-4D9D-B514-DEB85D974F5C}.Release|Any CPU.ActiveCfg = Release|Any CPU
		{2809E8F4-B766-4D9D-B514-DEB85D974F5C}.Release|Any CPU.Build.0 = Release|Any CPU
		{2809E8F4-B766-4D9D-B514-DEB85D974F5C}.Release|x64.ActiveCfg = Release|Any CPU
		{2809E8F4-B766-4D9D-B514-DEB85D974F5C}.Release|x64.Build.0 = Release|Any CPU
		{2809E8F4-B766-4D9D-B514-DEB85D974F5C}.Release|x86.ActiveCfg = Release|Any CPU
		{2809E8F4-B766-4D9D-B514-DEB85D974F5C}.Release|x86.Build.0 = Release|Any CPU
		{1ADB10A5-ABA0-430F-88EB-10D2F2A379FC}.Debug|Any CPU.ActiveCfg = Debug|Any CPU
		{1ADB10A5-ABA0-430F-88EB-10D2F2A379FC}.Debug|Any CPU.Build.0 = Debug|Any CPU
		{1ADB10A5-ABA0-430F-88EB-10D2F2A379FC}.Debug|x64.ActiveCfg = Debug|Any CPU
		{1ADB10A5-ABA0-430F-88EB-10D2F2A379FC}.Debug|x64.Build.0 = Debug|Any CPU
		{1ADB10A5-ABA0-430F-88EB-10D2F2A379FC}.Debug|x86.ActiveCfg = Debug|Any CPU
		{1ADB10A5-ABA0-430F-88EB-10D2F2A379FC}.Debug|x86.Build.0 = Debug|Any CPU
		{1ADB10A5-ABA0-430F-88EB-10D2F2A379FC}.Release|Any CPU.ActiveCfg = Release|Any CPU
		{1ADB10A5-ABA0-430F-88EB-10D2F2A379FC}.Release|Any CPU.Build.0 = Release|Any CPU
		{1ADB10A5-ABA0-430F-88EB-10D2F2A379FC}.Release|x64.ActiveCfg = Release|Any CPU
		{1ADB10A5-ABA0-430F-88EB-10D2F2A379FC}.Release|x64.Build.0 = Release|Any CPU
		{1ADB10A5-ABA0-430F-88EB-10D2F2A379FC}.Release|x86.ActiveCfg = Release|Any CPU
		{1ADB10A5-ABA0-430F-88EB-10D2F2A379FC}.Release|x86.Build.0 = Release|Any CPU
		{D0DE0C4D-8901-4FBD-A78C-B11D1B4675B4}.Debug|Any CPU.ActiveCfg = Debug|Any CPU
		{D0DE0C4D-8901-4FBD-A78C-B11D1B4675B4}.Debug|Any CPU.Build.0 = Debug|Any CPU
		{D0DE0C4D-8901-4FBD-A78C-B11D1B4675B4}.Debug|x64.ActiveCfg = Debug|Any CPU
		{D0DE0C4D-8901-4FBD-A78C-B11D1B4675B4}.Debug|x64.Build.0 = Debug|Any CPU
		{D0DE0C4D-8901-4FBD-A78C-B11D1B4675B4}.Debug|x86.ActiveCfg = Debug|Any CPU
		{D0DE0C4D-8901-4FBD-A78C-B11D1B4675B4}.Debug|x86.Build.0 = Debug|Any CPU
		{D0DE0C4D-8901-4FBD-A78C-B11D1B4675B4}.Release|Any CPU.ActiveCfg = Release|Any CPU
		{D0DE0C4D-8901-4FBD-A78C-B11D1B4675B4}.Release|Any CPU.Build.0 = Release|Any CPU
		{D0DE0C4D-8901-4FBD-A78C-B11D1B4675B4}.Release|x64.ActiveCfg = Release|Any CPU
		{D0DE0C4D-8901-4FBD-A78C-B11D1B4675B4}.Release|x64.Build.0 = Release|Any CPU
		{D0DE0C4D-8901-4FBD-A78C-B11D1B4675B4}.Release|x86.ActiveCfg = Release|Any CPU
		{D0DE0C4D-8901-4FBD-A78C-B11D1B4675B4}.Release|x86.Build.0 = Release|Any CPU
		{C7F9A6FC-67C8-4E44-B1CF-671A1315156D}.Debug|Any CPU.ActiveCfg = Debug|Any CPU
		{C7F9A6FC-67C8-4E44-B1CF-671A1315156D}.Debug|Any CPU.Build.0 = Debug|Any CPU
		{C7F9A6FC-67C8-4E44-B1CF-671A1315156D}.Debug|x64.ActiveCfg = Debug|Any CPU
		{C7F9A6FC-67C8-4E44-B1CF-671A1315156D}.Debug|x64.Build.0 = Debug|Any CPU
		{C7F9A6FC-67C8-4E44-B1CF-671A1315156D}.Debug|x86.ActiveCfg = Debug|Any CPU
		{C7F9A6FC-67C8-4E44-B1CF-671A1315156D}.Debug|x86.Build.0 = Debug|Any CPU
		{C7F9A6FC-67C8-4E44-B1CF-671A1315156D}.Release|Any CPU.ActiveCfg = Release|Any CPU
		{C7F9A6FC-67C8-4E44-B1CF-671A1315156D}.Release|Any CPU.Build.0 = Release|Any CPU
		{C7F9A6FC-67C8-4E44-B1CF-671A1315156D}.Release|x64.ActiveCfg = Release|Any CPU
		{C7F9A6FC-67C8-4E44-B1CF-671A1315156D}.Release|x64.Build.0 = Release|Any CPU
		{C7F9A6FC-67C8-4E44-B1CF-671A1315156D}.Release|x86.ActiveCfg = Release|Any CPU
		{C7F9A6FC-67C8-4E44-B1CF-671A1315156D}.Release|x86.Build.0 = Release|Any CPU
		{F00C8951-341A-4738-A289-33504D2906D5}.Debug|Any CPU.ActiveCfg = Debug|Any CPU
		{F00C8951-341A-4738-A289-33504D2906D5}.Debug|x64.ActiveCfg = Debug|Any CPU
		{F00C8951-341A-4738-A289-33504D2906D5}.Debug|x86.ActiveCfg = Debug|Any CPU
		{F00C8951-341A-4738-A289-33504D2906D5}.Release|Any CPU.ActiveCfg = Release|Any CPU
		{F00C8951-341A-4738-A289-33504D2906D5}.Release|x64.ActiveCfg = Release|Any CPU
		{F00C8951-341A-4738-A289-33504D2906D5}.Release|x86.ActiveCfg = Release|Any CPU
		{D098CDA1-D567-45E4-8C0E-53DFBA25EE22}.Debug|Any CPU.ActiveCfg = Debug|Any CPU
		{D098CDA1-D567-45E4-8C0E-53DFBA25EE22}.Debug|Any CPU.Build.0 = Debug|Any CPU
		{D098CDA1-D567-45E4-8C0E-53DFBA25EE22}.Debug|x64.ActiveCfg = Debug|Any CPU
		{D098CDA1-D567-45E4-8C0E-53DFBA25EE22}.Debug|x64.Build.0 = Debug|Any CPU
		{D098CDA1-D567-45E4-8C0E-53DFBA25EE22}.Debug|x86.ActiveCfg = Debug|Any CPU
		{D098CDA1-D567-45E4-8C0E-53DFBA25EE22}.Debug|x86.Build.0 = Debug|Any CPU
		{D098CDA1-D567-45E4-8C0E-53DFBA25EE22}.Release|Any CPU.ActiveCfg = Release|Any CPU
		{D098CDA1-D567-45E4-8C0E-53DFBA25EE22}.Release|Any CPU.Build.0 = Release|Any CPU
		{D098CDA1-D567-45E4-8C0E-53DFBA25EE22}.Release|x64.ActiveCfg = Release|Any CPU
		{D098CDA1-D567-45E4-8C0E-53DFBA25EE22}.Release|x64.Build.0 = Release|Any CPU
		{D098CDA1-D567-45E4-8C0E-53DFBA25EE22}.Release|x86.ActiveCfg = Release|Any CPU
		{D098CDA1-D567-45E4-8C0E-53DFBA25EE22}.Release|x86.Build.0 = Release|Any CPU
		{E9BECDF9-5270-4E67-8B53-918DB5414427}.Debug|Any CPU.ActiveCfg = Debug|Any CPU
		{E9BECDF9-5270-4E67-8B53-918DB5414427}.Debug|Any CPU.Build.0 = Debug|Any CPU
		{E9BECDF9-5270-4E67-8B53-918DB5414427}.Debug|x64.ActiveCfg = Debug|Any CPU
		{E9BECDF9-5270-4E67-8B53-918DB5414427}.Debug|x64.Build.0 = Debug|Any CPU
		{E9BECDF9-5270-4E67-8B53-918DB5414427}.Debug|x86.ActiveCfg = Debug|Any CPU
		{E9BECDF9-5270-4E67-8B53-918DB5414427}.Debug|x86.Build.0 = Debug|Any CPU
		{E9BECDF9-5270-4E67-8B53-918DB5414427}.Release|Any CPU.ActiveCfg = Release|Any CPU
		{E9BECDF9-5270-4E67-8B53-918DB5414427}.Release|Any CPU.Build.0 = Release|Any CPU
		{E9BECDF9-5270-4E67-8B53-918DB5414427}.Release|x64.ActiveCfg = Release|Any CPU
		{E9BECDF9-5270-4E67-8B53-918DB5414427}.Release|x64.Build.0 = Release|Any CPU
		{E9BECDF9-5270-4E67-8B53-918DB5414427}.Release|x86.ActiveCfg = Release|Any CPU
		{E9BECDF9-5270-4E67-8B53-918DB5414427}.Release|x86.Build.0 = Release|Any CPU
		{FB8CDB1A-1DE0-488F-943A-115DE375344F}.Debug|Any CPU.ActiveCfg = Debug|Any CPU
		{FB8CDB1A-1DE0-488F-943A-115DE375344F}.Debug|Any CPU.Build.0 = Debug|Any CPU
		{FB8CDB1A-1DE0-488F-943A-115DE375344F}.Debug|x64.ActiveCfg = Debug|Any CPU
		{FB8CDB1A-1DE0-488F-943A-115DE375344F}.Debug|x64.Build.0 = Debug|Any CPU
		{FB8CDB1A-1DE0-488F-943A-115DE375344F}.Debug|x86.ActiveCfg = Debug|Any CPU
		{FB8CDB1A-1DE0-488F-943A-115DE375344F}.Debug|x86.Build.0 = Debug|Any CPU
		{FB8CDB1A-1DE0-488F-943A-115DE375344F}.Release|Any CPU.ActiveCfg = Release|Any CPU
		{FB8CDB1A-1DE0-488F-943A-115DE375344F}.Release|Any CPU.Build.0 = Release|Any CPU
		{FB8CDB1A-1DE0-488F-943A-115DE375344F}.Release|x64.ActiveCfg = Release|Any CPU
		{FB8CDB1A-1DE0-488F-943A-115DE375344F}.Release|x64.Build.0 = Release|Any CPU
		{FB8CDB1A-1DE0-488F-943A-115DE375344F}.Release|x86.ActiveCfg = Release|Any CPU
		{FB8CDB1A-1DE0-488F-943A-115DE375344F}.Release|x86.Build.0 = Release|Any CPU
		{0756435B-A795-4CC3-BA73-E2AB0F436F39}.Debug|Any CPU.ActiveCfg = Debug|Any CPU
		{0756435B-A795-4CC3-BA73-E2AB0F436F39}.Debug|Any CPU.Build.0 = Debug|Any CPU
		{0756435B-A795-4CC3-BA73-E2AB0F436F39}.Debug|x64.ActiveCfg = Debug|Any CPU
		{0756435B-A795-4CC3-BA73-E2AB0F436F39}.Debug|x64.Build.0 = Debug|Any CPU
		{0756435B-A795-4CC3-BA73-E2AB0F436F39}.Debug|x86.ActiveCfg = Debug|Any CPU
		{0756435B-A795-4CC3-BA73-E2AB0F436F39}.Debug|x86.Build.0 = Debug|Any CPU
		{0756435B-A795-4CC3-BA73-E2AB0F436F39}.Release|Any CPU.ActiveCfg = Release|Any CPU
		{0756435B-A795-4CC3-BA73-E2AB0F436F39}.Release|Any CPU.Build.0 = Release|Any CPU
		{0756435B-A795-4CC3-BA73-E2AB0F436F39}.Release|x64.ActiveCfg = Release|Any CPU
		{0756435B-A795-4CC3-BA73-E2AB0F436F39}.Release|x64.Build.0 = Release|Any CPU
		{0756435B-A795-4CC3-BA73-E2AB0F436F39}.Release|x86.ActiveCfg = Release|Any CPU
		{0756435B-A795-4CC3-BA73-E2AB0F436F39}.Release|x86.Build.0 = Release|Any CPU
		{F03B61E0-1EB5-4ECB-8E43-1ED6A31E7665}.Debug|Any CPU.ActiveCfg = Debug|Any CPU
		{F03B61E0-1EB5-4ECB-8E43-1ED6A31E7665}.Debug|Any CPU.Build.0 = Debug|Any CPU
		{F03B61E0-1EB5-4ECB-8E43-1ED6A31E7665}.Debug|x64.ActiveCfg = Debug|Any CPU
		{F03B61E0-1EB5-4ECB-8E43-1ED6A31E7665}.Debug|x64.Build.0 = Debug|Any CPU
		{F03B61E0-1EB5-4ECB-8E43-1ED6A31E7665}.Debug|x86.ActiveCfg = Debug|Any CPU
		{F03B61E0-1EB5-4ECB-8E43-1ED6A31E7665}.Debug|x86.Build.0 = Debug|Any CPU
		{F03B61E0-1EB5-4ECB-8E43-1ED6A31E7665}.Release|Any CPU.ActiveCfg = Release|Any CPU
		{F03B61E0-1EB5-4ECB-8E43-1ED6A31E7665}.Release|Any CPU.Build.0 = Release|Any CPU
		{F03B61E0-1EB5-4ECB-8E43-1ED6A31E7665}.Release|x64.ActiveCfg = Release|Any CPU
		{F03B61E0-1EB5-4ECB-8E43-1ED6A31E7665}.Release|x64.Build.0 = Release|Any CPU
		{F03B61E0-1EB5-4ECB-8E43-1ED6A31E7665}.Release|x86.ActiveCfg = Release|Any CPU
		{F03B61E0-1EB5-4ECB-8E43-1ED6A31E7665}.Release|x86.Build.0 = Release|Any CPU
		{DA0491F2-641D-4E6D-9B97-DC465C1CCE33}.Debug|Any CPU.ActiveCfg = Debug|Any CPU
		{DA0491F2-641D-4E6D-9B97-DC465C1CCE33}.Debug|Any CPU.Build.0 = Debug|Any CPU
		{DA0491F2-641D-4E6D-9B97-DC465C1CCE33}.Debug|x64.ActiveCfg = Debug|Any CPU
		{DA0491F2-641D-4E6D-9B97-DC465C1CCE33}.Debug|x64.Build.0 = Debug|Any CPU
		{DA0491F2-641D-4E6D-9B97-DC465C1CCE33}.Debug|x86.ActiveCfg = Debug|Any CPU
		{DA0491F2-641D-4E6D-9B97-DC465C1CCE33}.Debug|x86.Build.0 = Debug|Any CPU
		{DA0491F2-641D-4E6D-9B97-DC465C1CCE33}.Release|Any CPU.ActiveCfg = Release|Any CPU
		{DA0491F2-641D-4E6D-9B97-DC465C1CCE33}.Release|Any CPU.Build.0 = Release|Any CPU
		{DA0491F2-641D-4E6D-9B97-DC465C1CCE33}.Release|x64.ActiveCfg = Release|Any CPU
		{DA0491F2-641D-4E6D-9B97-DC465C1CCE33}.Release|x64.Build.0 = Release|Any CPU
		{DA0491F2-641D-4E6D-9B97-DC465C1CCE33}.Release|x86.ActiveCfg = Release|Any CPU
		{DA0491F2-641D-4E6D-9B97-DC465C1CCE33}.Release|x86.Build.0 = Release|Any CPU
		{DF6874DC-C650-43B5-AB7E-55CA87F7C515}.Debug|Any CPU.ActiveCfg = Debug|Any CPU
		{DF6874DC-C650-43B5-AB7E-55CA87F7C515}.Debug|Any CPU.Build.0 = Debug|Any CPU
		{DF6874DC-C650-43B5-AB7E-55CA87F7C515}.Debug|x64.ActiveCfg = Debug|Any CPU
		{DF6874DC-C650-43B5-AB7E-55CA87F7C515}.Debug|x64.Build.0 = Debug|Any CPU
		{DF6874DC-C650-43B5-AB7E-55CA87F7C515}.Debug|x86.ActiveCfg = Debug|Any CPU
		{DF6874DC-C650-43B5-AB7E-55CA87F7C515}.Debug|x86.Build.0 = Debug|Any CPU
		{DF6874DC-C650-43B5-AB7E-55CA87F7C515}.Release|Any CPU.ActiveCfg = Release|Any CPU
		{DF6874DC-C650-43B5-AB7E-55CA87F7C515}.Release|Any CPU.Build.0 = Release|Any CPU
		{DF6874DC-C650-43B5-AB7E-55CA87F7C515}.Release|x64.ActiveCfg = Release|Any CPU
		{DF6874DC-C650-43B5-AB7E-55CA87F7C515}.Release|x64.Build.0 = Release|Any CPU
		{DF6874DC-C650-43B5-AB7E-55CA87F7C515}.Release|x86.ActiveCfg = Release|Any CPU
		{DF6874DC-C650-43B5-AB7E-55CA87F7C515}.Release|x86.Build.0 = Release|Any CPU
		{311609F6-420D-4B05-8E66-B1B084C45D19}.Debug|Any CPU.ActiveCfg = Debug|Any CPU
		{311609F6-420D-4B05-8E66-B1B084C45D19}.Debug|Any CPU.Build.0 = Debug|Any CPU
		{311609F6-420D-4B05-8E66-B1B084C45D19}.Debug|x64.ActiveCfg = Debug|Any CPU
		{311609F6-420D-4B05-8E66-B1B084C45D19}.Debug|x64.Build.0 = Debug|Any CPU
		{311609F6-420D-4B05-8E66-B1B084C45D19}.Debug|x86.ActiveCfg = Debug|Any CPU
		{311609F6-420D-4B05-8E66-B1B084C45D19}.Debug|x86.Build.0 = Debug|Any CPU
		{311609F6-420D-4B05-8E66-B1B084C45D19}.Release|Any CPU.ActiveCfg = Release|Any CPU
		{311609F6-420D-4B05-8E66-B1B084C45D19}.Release|Any CPU.Build.0 = Release|Any CPU
		{311609F6-420D-4B05-8E66-B1B084C45D19}.Release|x64.ActiveCfg = Release|Any CPU
		{311609F6-420D-4B05-8E66-B1B084C45D19}.Release|x64.Build.0 = Release|Any CPU
		{311609F6-420D-4B05-8E66-B1B084C45D19}.Release|x86.ActiveCfg = Release|Any CPU
		{311609F6-420D-4B05-8E66-B1B084C45D19}.Release|x86.Build.0 = Release|Any CPU
		{433E6F74-5C51-43A5-A92C-C90D8DEB0D98}.Debug|Any CPU.ActiveCfg = Debug|Any CPU
		{433E6F74-5C51-43A5-A92C-C90D8DEB0D98}.Debug|x64.ActiveCfg = Debug|Any CPU
		{433E6F74-5C51-43A5-A92C-C90D8DEB0D98}.Debug|x86.ActiveCfg = Debug|Any CPU
		{433E6F74-5C51-43A5-A92C-C90D8DEB0D98}.Release|Any CPU.ActiveCfg = Release|Any CPU
		{433E6F74-5C51-43A5-A92C-C90D8DEB0D98}.Release|x64.ActiveCfg = Release|Any CPU
		{433E6F74-5C51-43A5-A92C-C90D8DEB0D98}.Release|x86.ActiveCfg = Release|Any CPU
		{7973CB94-3824-48AD-816E-CD9EBF217B3A}.Debug|Any CPU.ActiveCfg = Debug|Any CPU
		{7973CB94-3824-48AD-816E-CD9EBF217B3A}.Debug|Any CPU.Build.0 = Debug|Any CPU
		{7973CB94-3824-48AD-816E-CD9EBF217B3A}.Debug|x64.ActiveCfg = Debug|Any CPU
		{7973CB94-3824-48AD-816E-CD9EBF217B3A}.Debug|x64.Build.0 = Debug|Any CPU
		{7973CB94-3824-48AD-816E-CD9EBF217B3A}.Debug|x86.ActiveCfg = Debug|Any CPU
		{7973CB94-3824-48AD-816E-CD9EBF217B3A}.Debug|x86.Build.0 = Debug|Any CPU
		{7973CB94-3824-48AD-816E-CD9EBF217B3A}.Release|Any CPU.ActiveCfg = Release|Any CPU
		{7973CB94-3824-48AD-816E-CD9EBF217B3A}.Release|Any CPU.Build.0 = Release|Any CPU
		{7973CB94-3824-48AD-816E-CD9EBF217B3A}.Release|x64.ActiveCfg = Release|Any CPU
		{7973CB94-3824-48AD-816E-CD9EBF217B3A}.Release|x64.Build.0 = Release|Any CPU
		{7973CB94-3824-48AD-816E-CD9EBF217B3A}.Release|x86.ActiveCfg = Release|Any CPU
		{7973CB94-3824-48AD-816E-CD9EBF217B3A}.Release|x86.Build.0 = Release|Any CPU
		{E283EB20-A10D-482B-8320-93AFC70C36A8}.Debug|Any CPU.ActiveCfg = Debug|Any CPU
		{E283EB20-A10D-482B-8320-93AFC70C36A8}.Debug|Any CPU.Build.0 = Debug|Any CPU
		{E283EB20-A10D-482B-8320-93AFC70C36A8}.Debug|x64.ActiveCfg = Debug|Any CPU
		{E283EB20-A10D-482B-8320-93AFC70C36A8}.Debug|x64.Build.0 = Debug|Any CPU
		{E283EB20-A10D-482B-8320-93AFC70C36A8}.Debug|x86.ActiveCfg = Debug|Any CPU
		{E283EB20-A10D-482B-8320-93AFC70C36A8}.Debug|x86.Build.0 = Debug|Any CPU
		{E283EB20-A10D-482B-8320-93AFC70C36A8}.Release|Any CPU.ActiveCfg = Release|Any CPU
		{E283EB20-A10D-482B-8320-93AFC70C36A8}.Release|Any CPU.Build.0 = Release|Any CPU
		{E283EB20-A10D-482B-8320-93AFC70C36A8}.Release|x64.ActiveCfg = Release|Any CPU
		{E283EB20-A10D-482B-8320-93AFC70C36A8}.Release|x64.Build.0 = Release|Any CPU
		{E283EB20-A10D-482B-8320-93AFC70C36A8}.Release|x86.ActiveCfg = Release|Any CPU
		{E283EB20-A10D-482B-8320-93AFC70C36A8}.Release|x86.Build.0 = Release|Any CPU
		{C4A32153-A694-401F-B54A-38F7642D24D9}.Debug|Any CPU.ActiveCfg = Debug|Any CPU
		{C4A32153-A694-401F-B54A-38F7642D24D9}.Debug|Any CPU.Build.0 = Debug|Any CPU
		{C4A32153-A694-401F-B54A-38F7642D24D9}.Debug|x64.ActiveCfg = Debug|Any CPU
		{C4A32153-A694-401F-B54A-38F7642D24D9}.Debug|x64.Build.0 = Debug|Any CPU
		{C4A32153-A694-401F-B54A-38F7642D24D9}.Debug|x86.ActiveCfg = Debug|Any CPU
		{C4A32153-A694-401F-B54A-38F7642D24D9}.Debug|x86.Build.0 = Debug|Any CPU
		{C4A32153-A694-401F-B54A-38F7642D24D9}.Release|Any CPU.ActiveCfg = Release|Any CPU
		{C4A32153-A694-401F-B54A-38F7642D24D9}.Release|Any CPU.Build.0 = Release|Any CPU
		{C4A32153-A694-401F-B54A-38F7642D24D9}.Release|x64.ActiveCfg = Release|Any CPU
		{C4A32153-A694-401F-B54A-38F7642D24D9}.Release|x64.Build.0 = Release|Any CPU
		{C4A32153-A694-401F-B54A-38F7642D24D9}.Release|x86.ActiveCfg = Release|Any CPU
		{C4A32153-A694-401F-B54A-38F7642D24D9}.Release|x86.Build.0 = Release|Any CPU
		{9F527768-04B3-4DED-89B7-0D0A8DA59DB9}.Debug|Any CPU.ActiveCfg = Debug|Any CPU
		{9F527768-04B3-4DED-89B7-0D0A8DA59DB9}.Debug|x64.ActiveCfg = Debug|Any CPU
		{9F527768-04B3-4DED-89B7-0D0A8DA59DB9}.Debug|x86.ActiveCfg = Debug|Any CPU
		{9F527768-04B3-4DED-89B7-0D0A8DA59DB9}.Release|Any CPU.ActiveCfg = Release|Any CPU
		{9F527768-04B3-4DED-89B7-0D0A8DA59DB9}.Release|x64.ActiveCfg = Release|Any CPU
		{9F527768-04B3-4DED-89B7-0D0A8DA59DB9}.Release|x86.ActiveCfg = Release|Any CPU
		{E8265A69-7C88-4728-ACD2-710A5F7C0E3A}.Debug|Any CPU.ActiveCfg = Debug|Any CPU
		{E8265A69-7C88-4728-ACD2-710A5F7C0E3A}.Debug|Any CPU.Build.0 = Debug|Any CPU
		{E8265A69-7C88-4728-ACD2-710A5F7C0E3A}.Debug|x64.ActiveCfg = Debug|Any CPU
		{E8265A69-7C88-4728-ACD2-710A5F7C0E3A}.Debug|x64.Build.0 = Debug|Any CPU
		{E8265A69-7C88-4728-ACD2-710A5F7C0E3A}.Debug|x86.ActiveCfg = Debug|Any CPU
		{E8265A69-7C88-4728-ACD2-710A5F7C0E3A}.Debug|x86.Build.0 = Debug|Any CPU
		{E8265A69-7C88-4728-ACD2-710A5F7C0E3A}.Release|Any CPU.ActiveCfg = Release|Any CPU
		{E8265A69-7C88-4728-ACD2-710A5F7C0E3A}.Release|Any CPU.Build.0 = Release|Any CPU
		{E8265A69-7C88-4728-ACD2-710A5F7C0E3A}.Release|x64.ActiveCfg = Release|Any CPU
		{E8265A69-7C88-4728-ACD2-710A5F7C0E3A}.Release|x64.Build.0 = Release|Any CPU
		{E8265A69-7C88-4728-ACD2-710A5F7C0E3A}.Release|x86.ActiveCfg = Release|Any CPU
		{E8265A69-7C88-4728-ACD2-710A5F7C0E3A}.Release|x86.Build.0 = Release|Any CPU
		{1B282238-83D7-4FBD-BE3C-180A82253543}.Debug|Any CPU.ActiveCfg = Debug|Any CPU
		{1B282238-83D7-4FBD-BE3C-180A82253543}.Debug|Any CPU.Build.0 = Debug|Any CPU
		{1B282238-83D7-4FBD-BE3C-180A82253543}.Debug|x64.ActiveCfg = Debug|Any CPU
		{1B282238-83D7-4FBD-BE3C-180A82253543}.Debug|x64.Build.0 = Debug|Any CPU
		{1B282238-83D7-4FBD-BE3C-180A82253543}.Debug|x86.ActiveCfg = Debug|Any CPU
		{1B282238-83D7-4FBD-BE3C-180A82253543}.Debug|x86.Build.0 = Debug|Any CPU
		{1B282238-83D7-4FBD-BE3C-180A82253543}.Release|Any CPU.ActiveCfg = Release|Any CPU
		{1B282238-83D7-4FBD-BE3C-180A82253543}.Release|Any CPU.Build.0 = Release|Any CPU
		{1B282238-83D7-4FBD-BE3C-180A82253543}.Release|x64.ActiveCfg = Release|Any CPU
		{1B282238-83D7-4FBD-BE3C-180A82253543}.Release|x64.Build.0 = Release|Any CPU
		{1B282238-83D7-4FBD-BE3C-180A82253543}.Release|x86.ActiveCfg = Release|Any CPU
		{1B282238-83D7-4FBD-BE3C-180A82253543}.Release|x86.Build.0 = Release|Any CPU
		{6C744129-0A51-4110-93E4-FCD652680C21}.Debug|Any CPU.ActiveCfg = Debug|Any CPU
		{6C744129-0A51-4110-93E4-FCD652680C21}.Debug|Any CPU.Build.0 = Debug|Any CPU
		{6C744129-0A51-4110-93E4-FCD652680C21}.Debug|x64.ActiveCfg = Debug|Any CPU
		{6C744129-0A51-4110-93E4-FCD652680C21}.Debug|x64.Build.0 = Debug|Any CPU
		{6C744129-0A51-4110-93E4-FCD652680C21}.Debug|x86.ActiveCfg = Debug|Any CPU
		{6C744129-0A51-4110-93E4-FCD652680C21}.Debug|x86.Build.0 = Debug|Any CPU
		{6C744129-0A51-4110-93E4-FCD652680C21}.Release|Any CPU.ActiveCfg = Release|Any CPU
		{6C744129-0A51-4110-93E4-FCD652680C21}.Release|Any CPU.Build.0 = Release|Any CPU
		{6C744129-0A51-4110-93E4-FCD652680C21}.Release|x64.ActiveCfg = Release|Any CPU
		{6C744129-0A51-4110-93E4-FCD652680C21}.Release|x64.Build.0 = Release|Any CPU
		{6C744129-0A51-4110-93E4-FCD652680C21}.Release|x86.ActiveCfg = Release|Any CPU
		{6C744129-0A51-4110-93E4-FCD652680C21}.Release|x86.Build.0 = Release|Any CPU
		{E57FA06A-5CAA-4911-85C5-25A9F0C7E97C}.Debug|Any CPU.ActiveCfg = Debug|Any CPU
		{E57FA06A-5CAA-4911-85C5-25A9F0C7E97C}.Debug|Any CPU.Build.0 = Debug|Any CPU
		{E57FA06A-5CAA-4911-85C5-25A9F0C7E97C}.Debug|x64.ActiveCfg = Debug|Any CPU
		{E57FA06A-5CAA-4911-85C5-25A9F0C7E97C}.Debug|x64.Build.0 = Debug|Any CPU
		{E57FA06A-5CAA-4911-85C5-25A9F0C7E97C}.Debug|x86.ActiveCfg = Debug|Any CPU
		{E57FA06A-5CAA-4911-85C5-25A9F0C7E97C}.Debug|x86.Build.0 = Debug|Any CPU
		{E57FA06A-5CAA-4911-85C5-25A9F0C7E97C}.Release|Any CPU.ActiveCfg = Release|Any CPU
		{E57FA06A-5CAA-4911-85C5-25A9F0C7E97C}.Release|Any CPU.Build.0 = Release|Any CPU
		{E57FA06A-5CAA-4911-85C5-25A9F0C7E97C}.Release|x64.ActiveCfg = Release|Any CPU
		{E57FA06A-5CAA-4911-85C5-25A9F0C7E97C}.Release|x64.Build.0 = Release|Any CPU
		{E57FA06A-5CAA-4911-85C5-25A9F0C7E97C}.Release|x86.ActiveCfg = Release|Any CPU
		{E57FA06A-5CAA-4911-85C5-25A9F0C7E97C}.Release|x86.Build.0 = Release|Any CPU
		{8F4BE58C-4C65-4960-9BD4-F785F1AD6EB1}.Debug|Any CPU.ActiveCfg = Debug|Any CPU
		{8F4BE58C-4C65-4960-9BD4-F785F1AD6EB1}.Debug|x64.ActiveCfg = Debug|Any CPU
		{8F4BE58C-4C65-4960-9BD4-F785F1AD6EB1}.Debug|x86.ActiveCfg = Debug|Any CPU
		{8F4BE58C-4C65-4960-9BD4-F785F1AD6EB1}.Release|Any CPU.ActiveCfg = Release|Any CPU
		{8F4BE58C-4C65-4960-9BD4-F785F1AD6EB1}.Release|x64.ActiveCfg = Release|Any CPU
		{8F4BE58C-4C65-4960-9BD4-F785F1AD6EB1}.Release|x86.ActiveCfg = Release|Any CPU
	EndGlobalSection
	GlobalSection(SolutionProperties) = preSolution
		HideSolutionNode = FALSE
	EndGlobalSection
	GlobalSection(NestedProjects) = preSolution
		{50C548F6-BD90-44B2-939B-88E157BC1D77} = {1F87798A-3DA2-1D52-37E6-92287F21560B}
		{B6093DDC-14AF-4A21-989B-3AC63B89ACB0} = {1F87798A-3DA2-1D52-37E6-92287F21560B}
		{2809E8F4-B766-4D9D-B514-DEB85D974F5C} = {8FE76333-615D-4D0B-08EF-9ACA145B22E5}
		{1ADB10A5-ABA0-430F-88EB-10D2F2A379FC} = {8FE76333-615D-4D0B-08EF-9ACA145B22E5}
		{D0DE0C4D-8901-4FBD-A78C-B11D1B4675B4} = {F300D630-7571-566C-DE3A-0237458CBD19}
		{C7F9A6FC-67C8-4E44-B1CF-671A1315156D} = {10305151-72DA-BBBB-C817-BD890FA250F2}
		{F00C8951-341A-4738-A289-33504D2906D5} = {10305151-72DA-BBBB-C817-BD890FA250F2}
		{D098CDA1-D567-45E4-8C0E-53DFBA25EE22} = {CA0ABCE0-AAC8-D42B-D483-0AD6CB9ED44A}
		{E9BECDF9-5270-4E67-8B53-918DB5414427} = {46A6B6E4-1F62-AC21-FF7F-BCB260772A08}
		{FB8CDB1A-1DE0-488F-943A-115DE375344F} = {46A6B6E4-1F62-AC21-FF7F-BCB260772A08}
		{0756435B-A795-4CC3-BA73-E2AB0F436F39} = {D19774F8-5390-DECA-0D5D-DB3D3B1934CC}
		{F03B61E0-1EB5-4ECB-8E43-1ED6A31E7665} = {D19774F8-5390-DECA-0D5D-DB3D3B1934CC}
		{DA0491F2-641D-4E6D-9B97-DC465C1CCE33} = {0FBFF59C-0FC2-5776-A3F6-C46E2EF347EC}
		{DF6874DC-C650-43B5-AB7E-55CA87F7C515} = {0FBFF59C-0FC2-5776-A3F6-C46E2EF347EC}
		{311609F6-420D-4B05-8E66-B1B084C45D19} = {EBF3C506-8F29-9654-7600-23BD3F25C924}
		{433E6F74-5C51-43A5-A92C-C90D8DEB0D98} = {EBF3C506-8F29-9654-7600-23BD3F25C924}
		{7973CB94-3824-48AD-816E-CD9EBF217B3A} = {1B681BF4-A602-D408-2E69-2B57B87575B2}
		{E283EB20-A10D-482B-8320-93AFC70C36A8} = {1B681BF4-A602-D408-2E69-2B57B87575B2}
		{C4A32153-A694-401F-B54A-38F7642D24D9} = {533FC926-FE64-7363-FF68-925D042523EE}
		{9F527768-04B3-4DED-89B7-0D0A8DA59DB9} = {533FC926-FE64-7363-FF68-925D042523EE}
		{E8265A69-7C88-4728-ACD2-710A5F7C0E3A} = {992222C4-ADE0-6BF1-7230-A9C65755AE09}
		{1B282238-83D7-4FBD-BE3C-180A82253543} = {992222C4-ADE0-6BF1-7230-A9C65755AE09}
		{986A884E-2D1F-75CC-48B5-B2716C96E4D3} = {DAF4ADBB-250D-0A80-76AC-796D3C9CD4A9}
		{6C744129-0A51-4110-93E4-FCD652680C21} = {986A884E-2D1F-75CC-48B5-B2716C96E4D3}
		{E57FA06A-5CAA-4911-85C5-25A9F0C7E97C} = {986A884E-2D1F-75CC-48B5-B2716C96E4D3}
		{8F4BE58C-4C65-4960-9BD4-F785F1AD6EB1} = {986A884E-2D1F-75CC-48B5-B2716C96E4D3}
	EndGlobalSection
EndGlobal
